// !$*UTF8*$!
{
	archiveVersion = 1;
	classes = {
	};
	objectVersion = 46;
	objects = {

/* Begin PBXAggregateTarget section */
		"Result::ResultPackageTests::ProductTarget" /* ResultPackageTests */ = {
			isa = PBXAggregateTarget;
			buildConfigurationList = OBJ_39 /* Build configuration list for PBXAggregateTarget "ResultPackageTests" */;
			buildPhases = (
			);
			dependencies = (
				OBJ_42 /* PBXTargetDependency */,
			);
			name = ResultPackageTests;
			productName = ResultPackageTests;
		};
/* End PBXAggregateTarget section */

/* Begin PBXBuildFile section */
		E90DD10B2042E529003A4A04 /* Result.framework in Frameworks */ = {isa = PBXBuildFile; fileRef = E90DD1022042E529003A4A04 /* Result.framework */; };
		E90DD1102042E52A003A4A04 /* Result_phoneOSTests.swift in Sources */ = {isa = PBXBuildFile; fileRef = E90DD10F2042E52A003A4A04 /* Result_phoneOSTests.swift */; };
		E90DD1122042E52A003A4A04 /* Result_phoneOS.h in Headers */ = {isa = PBXBuildFile; fileRef = E90DD1042042E529003A4A04 /* Result_phoneOS.h */; settings = {ATTRIBUTES = (Public, ); }; };
		E90DD1272042E633003A4A04 /* Result.framework in Frameworks */ = {isa = PBXBuildFile; fileRef = E90DD11E2042E632003A4A04 /* Result.framework */; };
		E90DD12C2042E633003A4A04 /* Result_watchOSTests.swift in Sources */ = {isa = PBXBuildFile; fileRef = E90DD12B2042E633003A4A04 /* Result_watchOSTests.swift */; };
		E90DD12E2042E633003A4A04 /* Result_watchOS.h in Headers */ = {isa = PBXBuildFile; fileRef = E90DD1202042E632003A4A04 /* Result_watchOS.h */; settings = {ATTRIBUTES = (Public, ); }; };
		E90DD1352042E64F003A4A04 /* Result.swift in Sources */ = {isa = PBXBuildFile; fileRef = OBJ_9 /* Result.swift */; };
		E90DD1362042E64F003A4A04 /* ResultProtocol.swift in Sources */ = {isa = PBXBuildFile; fileRef = E93A6481200BF94700221DF5 /* ResultProtocol.swift */; };
		E90DD1372042E64F003A4A04 /* Result.ext.swift in Sources */ = {isa = PBXBuildFile; fileRef = E93A6483200BF9E000221DF5 /* Result.ext.swift */; };
		E90DD1382042E64F003A4A04 /* AnyError.swift in Sources */ = {isa = PBXBuildFile; fileRef = E93A6485200BFA3D00221DF5 /* AnyError.swift */; };
		E90DD1392042E64F003A4A04 /* NoError.swift in Sources */ = {isa = PBXBuildFile; fileRef = E93A6487200BFA6C00221DF5 /* NoError.swift */; };
		E90DD13A2042E657003A4A04 /* Result.swift in Sources */ = {isa = PBXBuildFile; fileRef = OBJ_9 /* Result.swift */; };
		E90DD13B2042E657003A4A04 /* ResultProtocol.swift in Sources */ = {isa = PBXBuildFile; fileRef = E93A6481200BF94700221DF5 /* ResultProtocol.swift */; };
		E90DD13C2042E657003A4A04 /* Result.ext.swift in Sources */ = {isa = PBXBuildFile; fileRef = E93A6483200BF9E000221DF5 /* Result.ext.swift */; };
		E90DD13D2042E657003A4A04 /* AnyError.swift in Sources */ = {isa = PBXBuildFile; fileRef = E93A6485200BFA3D00221DF5 /* AnyError.swift */; };
		E90DD13E2042E657003A4A04 /* NoError.swift in Sources */ = {isa = PBXBuildFile; fileRef = E93A6487200BFA6C00221DF5 /* NoError.swift */; };
		E90DD14D2042E666003A4A04 /* Result.framework in Frameworks */ = {isa = PBXBuildFile; fileRef = E90DD1442042E666003A4A04 /* Result.framework */; };
		E90DD1522042E666003A4A04 /* Result_tvOSTests.swift in Sources */ = {isa = PBXBuildFile; fileRef = E90DD1512042E666003A4A04 /* Result_tvOSTests.swift */; };
		E90DD1542042E666003A4A04 /* Result_tvOS.h in Headers */ = {isa = PBXBuildFile; fileRef = E90DD1462042E666003A4A04 /* Result_tvOS.h */; settings = {ATTRIBUTES = (Public, ); }; };
		E90DD15B2042E670003A4A04 /* Result.swift in Sources */ = {isa = PBXBuildFile; fileRef = OBJ_9 /* Result.swift */; };
		E90DD15C2042E670003A4A04 /* ResultProtocol.swift in Sources */ = {isa = PBXBuildFile; fileRef = E93A6481200BF94700221DF5 /* ResultProtocol.swift */; };
		E90DD15D2042E670003A4A04 /* Result.ext.swift in Sources */ = {isa = PBXBuildFile; fileRef = E93A6483200BF9E000221DF5 /* Result.ext.swift */; };
		E90DD15E2042E670003A4A04 /* AnyError.swift in Sources */ = {isa = PBXBuildFile; fileRef = E93A6485200BFA3D00221DF5 /* AnyError.swift */; };
		E90DD15F2042E670003A4A04 /* NoError.swift in Sources */ = {isa = PBXBuildFile; fileRef = E93A6487200BFA6C00221DF5 /* NoError.swift */; };
		E90DD1602042E6F8003A4A04 /* ResultTests.swift in Sources */ = {isa = PBXBuildFile; fileRef = OBJ_12 /* ResultTests.swift */; };
		E90DD1612042E6F8003A4A04 /* AnyErrorTests.swift in Sources */ = {isa = PBXBuildFile; fileRef = E93A648C200BFD7400221DF5 /* AnyErrorTests.swift */; };
		E90DD1622042E6F8003A4A04 /* NoErrorTests.swift in Sources */ = {isa = PBXBuildFile; fileRef = E93A648E200BFD9A00221DF5 /* NoErrorTests.swift */; };
		E90DD1632042E701003A4A04 /* ResultTests.swift in Sources */ = {isa = PBXBuildFile; fileRef = OBJ_12 /* ResultTests.swift */; };
		E90DD1642042E701003A4A04 /* AnyErrorTests.swift in Sources */ = {isa = PBXBuildFile; fileRef = E93A648C200BFD7400221DF5 /* AnyErrorTests.swift */; };
		E90DD1652042E701003A4A04 /* NoErrorTests.swift in Sources */ = {isa = PBXBuildFile; fileRef = E93A648E200BFD9A00221DF5 /* NoErrorTests.swift */; };
		E90DD1662042E708003A4A04 /* ResultTests.swift in Sources */ = {isa = PBXBuildFile; fileRef = OBJ_12 /* ResultTests.swift */; };
		E90DD1672042E708003A4A04 /* AnyErrorTests.swift in Sources */ = {isa = PBXBuildFile; fileRef = E93A648C200BFD7400221DF5 /* AnyErrorTests.swift */; };
		E90DD1682042E708003A4A04 /* NoErrorTests.swift in Sources */ = {isa = PBXBuildFile; fileRef = E93A648E200BFD9A00221DF5 /* NoErrorTests.swift */; };
		E93A6482200BF94700221DF5 /* ResultProtocol.swift in Sources */ = {isa = PBXBuildFile; fileRef = E93A6481200BF94700221DF5 /* ResultProtocol.swift */; };
		E93A6484200BF9E000221DF5 /* Result.ext.swift in Sources */ = {isa = PBXBuildFile; fileRef = E93A6483200BF9E000221DF5 /* Result.ext.swift */; };
		E93A6486200BFA3D00221DF5 /* AnyError.swift in Sources */ = {isa = PBXBuildFile; fileRef = E93A6485200BFA3D00221DF5 /* AnyError.swift */; };
		E93A6488200BFA6C00221DF5 /* NoError.swift in Sources */ = {isa = PBXBuildFile; fileRef = E93A6487200BFA6C00221DF5 /* NoError.swift */; };
		E93A648D200BFD7400221DF5 /* AnyErrorTests.swift in Sources */ = {isa = PBXBuildFile; fileRef = E93A648C200BFD7400221DF5 /* AnyErrorTests.swift */; };
		E93A648F200BFD9A00221DF5 /* NoErrorTests.swift in Sources */ = {isa = PBXBuildFile; fileRef = E93A648E200BFD9A00221DF5 /* NoErrorTests.swift */; };
		OBJ_21 /* Package.swift in Sources */ = {isa = PBXBuildFile; fileRef = OBJ_6 /* Package.swift */; };
		OBJ_27 /* ResultTests.swift in Sources */ = {isa = PBXBuildFile; fileRef = OBJ_12 /* ResultTests.swift */; };
		OBJ_29 /* Result.framework in Frameworks */ = {isa = PBXBuildFile; fileRef = "Result::Result::Product" /* Result.framework */; };
		OBJ_36 /* Result.swift in Sources */ = {isa = PBXBuildFile; fileRef = OBJ_9 /* Result.swift */; };
/* End PBXBuildFile section */

/* Begin PBXContainerItemProxy section */
		E90DD10C2042E529003A4A04 /* PBXContainerItemProxy */ = {
			isa = PBXContainerItemProxy;
			containerPortal = OBJ_1 /* Project object */;
			proxyType = 1;
			remoteGlobalIDString = E90DD1012042E529003A4A04;
			remoteInfo = "Result-phoneOS";
		};
		E90DD1282042E633003A4A04 /* PBXContainerItemProxy */ = {
			isa = PBXContainerItemProxy;
			containerPortal = OBJ_1 /* Project object */;
			proxyType = 1;
			remoteGlobalIDString = E90DD11D2042E632003A4A04;
			remoteInfo = "Result-watchOS";
		};
		E90DD14E2042E666003A4A04 /* PBXContainerItemProxy */ = {
			isa = PBXContainerItemProxy;
			containerPortal = OBJ_1 /* Project object */;
			proxyType = 1;
			remoteGlobalIDString = E90DD1432042E666003A4A04;
			remoteInfo = "Result-tvOS";
		};
		E93A647E200BF89200221DF5 /* PBXContainerItemProxy */ = {
			isa = PBXContainerItemProxy;
			containerPortal = OBJ_1 /* Project object */;
			proxyType = 1;
			remoteGlobalIDString = "Result::Result";
			remoteInfo = Result;
		};
		E93A647F200BF89300221DF5 /* PBXContainerItemProxy */ = {
			isa = PBXContainerItemProxy;
			containerPortal = OBJ_1 /* Project object */;
			proxyType = 1;
			remoteGlobalIDString = "Result::ResultTests";
			remoteInfo = ResultTests;
		};
/* End PBXContainerItemProxy section */

/* Begin PBXFileReference section */
		E90DD0E82042E3E0003A4A04 /* Result_phoneOS.h */ = {isa = PBXFileReference; lastKnownFileType = sourcecode.c.h; path = Result_phoneOS.h; sourceTree = "<group>"; };
		E90DD0E92042E3E0003A4A04 /* Info.plist */ = {isa = PBXFileReference; lastKnownFileType = text.plist.xml; path = Info.plist; sourceTree = "<group>"; };
		E90DD0F32042E3E0003A4A04 /* Result_phoneOSTests.swift */ = {isa = PBXFileReference; lastKnownFileType = sourcecode.swift; path = Result_phoneOSTests.swift; sourceTree = "<group>"; };
		E90DD0F52042E3E0003A4A04 /* Info.plist */ = {isa = PBXFileReference; lastKnownFileType = text.plist.xml; path = Info.plist; sourceTree = "<group>"; };
		E90DD1022042E529003A4A04 /* Result.framework */ = {isa = PBXFileReference; explicitFileType = wrapper.framework; includeInIndex = 0; path = Result.framework; sourceTree = BUILT_PRODUCTS_DIR; };
		E90DD1042042E529003A4A04 /* Result_phoneOS.h */ = {isa = PBXFileReference; lastKnownFileType = sourcecode.c.h; path = Result_phoneOS.h; sourceTree = "<group>"; };
		E90DD1052042E529003A4A04 /* Info.plist */ = {isa = PBXFileReference; lastKnownFileType = text.plist.xml; path = Info.plist; sourceTree = "<group>"; };
		E90DD10A2042E529003A4A04 /* Result-phoneOSTests.xctest */ = {isa = PBXFileReference; explicitFileType = wrapper.cfbundle; includeInIndex = 0; path = "Result-phoneOSTests.xctest"; sourceTree = BUILT_PRODUCTS_DIR; };
		E90DD10F2042E52A003A4A04 /* Result_phoneOSTests.swift */ = {isa = PBXFileReference; lastKnownFileType = sourcecode.swift; path = Result_phoneOSTests.swift; sourceTree = "<group>"; };
		E90DD1112042E52A003A4A04 /* Info.plist */ = {isa = PBXFileReference; lastKnownFileType = text.plist.xml; path = Info.plist; sourceTree = "<group>"; };
		E90DD11E2042E632003A4A04 /* Result.framework */ = {isa = PBXFileReference; explicitFileType = wrapper.framework; includeInIndex = 0; path = Result.framework; sourceTree = BUILT_PRODUCTS_DIR; };
		E90DD1202042E632003A4A04 /* Result_watchOS.h */ = {isa = PBXFileReference; lastKnownFileType = sourcecode.c.h; path = Result_watchOS.h; sourceTree = "<group>"; };
		E90DD1212042E632003A4A04 /* Info.plist */ = {isa = PBXFileReference; lastKnownFileType = text.plist.xml; path = Info.plist; sourceTree = "<group>"; };
		E90DD1262042E633003A4A04 /* Result-watchOSTests.xctest */ = {isa = PBXFileReference; explicitFileType = wrapper.cfbundle; includeInIndex = 0; path = "Result-watchOSTests.xctest"; sourceTree = BUILT_PRODUCTS_DIR; };
		E90DD12B2042E633003A4A04 /* Result_watchOSTests.swift */ = {isa = PBXFileReference; lastKnownFileType = sourcecode.swift; path = Result_watchOSTests.swift; sourceTree = "<group>"; };
		E90DD12D2042E633003A4A04 /* Info.plist */ = {isa = PBXFileReference; lastKnownFileType = text.plist.xml; path = Info.plist; sourceTree = "<group>"; };
		E90DD1442042E666003A4A04 /* Result.framework */ = {isa = PBXFileReference; explicitFileType = wrapper.framework; includeInIndex = 0; path = Result.framework; sourceTree = BUILT_PRODUCTS_DIR; };
		E90DD1462042E666003A4A04 /* Result_tvOS.h */ = {isa = PBXFileReference; lastKnownFileType = sourcecode.c.h; path = Result_tvOS.h; sourceTree = "<group>"; };
		E90DD1472042E666003A4A04 /* Info.plist */ = {isa = PBXFileReference; lastKnownFileType = text.plist.xml; path = Info.plist; sourceTree = "<group>"; };
		E90DD14C2042E666003A4A04 /* Result-tvOSTests.xctest */ = {isa = PBXFileReference; explicitFileType = wrapper.cfbundle; includeInIndex = 0; path = "Result-tvOSTests.xctest"; sourceTree = BUILT_PRODUCTS_DIR; };
		E90DD1512042E666003A4A04 /* Result_tvOSTests.swift */ = {isa = PBXFileReference; lastKnownFileType = sourcecode.swift; path = Result_tvOSTests.swift; sourceTree = "<group>"; };
		E90DD1532042E666003A4A04 /* Info.plist */ = {isa = PBXFileReference; lastKnownFileType = text.plist.xml; path = Info.plist; sourceTree = "<group>"; };
		E93A6480200BF8DE00221DF5 /* README.md */ = {isa = PBXFileReference; fileEncoding = 4; lastKnownFileType = net.daringfireball.markdown; path = README.md; sourceTree = "<group>"; };
		E93A6481200BF94700221DF5 /* ResultProtocol.swift */ = {isa = PBXFileReference; lastKnownFileType = sourcecode.swift; path = ResultProtocol.swift; sourceTree = "<group>"; };
		E93A6483200BF9E000221DF5 /* Result.ext.swift */ = {isa = PBXFileReference; lastKnownFileType = sourcecode.swift; path = Result.ext.swift; sourceTree = "<group>"; };
		E93A6485200BFA3D00221DF5 /* AnyError.swift */ = {isa = PBXFileReference; lastKnownFileType = sourcecode.swift; path = AnyError.swift; sourceTree = "<group>"; };
		E93A6487200BFA6C00221DF5 /* NoError.swift */ = {isa = PBXFileReference; lastKnownFileType = sourcecode.swift; path = NoError.swift; sourceTree = "<group>"; };
		E93A6489200BFAB900221DF5 /* LICENSE.md */ = {isa = PBXFileReference; lastKnownFileType = net.daringfireball.markdown; path = LICENSE.md; sourceTree = "<group>"; };
		E93A648C200BFD7400221DF5 /* AnyErrorTests.swift */ = {isa = PBXFileReference; lastKnownFileType = sourcecode.swift; path = AnyErrorTests.swift; sourceTree = "<group>"; };
		E93A648E200BFD9A00221DF5 /* NoErrorTests.swift */ = {isa = PBXFileReference; lastKnownFileType = sourcecode.swift; path = NoErrorTests.swift; sourceTree = "<group>"; };
		E93A6490200BFED200221DF5 /* .travis.yml */ = {isa = PBXFileReference; fileEncoding = 4; lastKnownFileType = text; path = .travis.yml; sourceTree = "<group>"; };
		OBJ_12 /* ResultTests.swift */ = {isa = PBXFileReference; lastKnownFileType = sourcecode.swift; path = ResultTests.swift; sourceTree = "<group>"; };
		OBJ_6 /* Package.swift */ = {isa = PBXFileReference; explicitFileType = sourcecode.swift; path = Package.swift; sourceTree = "<group>"; };
		OBJ_9 /* Result.swift */ = {isa = PBXFileReference; lastKnownFileType = sourcecode.swift; path = Result.swift; sourceTree = "<group>"; };
		"Result::Result::Product" /* Result.framework */ = {isa = PBXFileReference; explicitFileType = wrapper.framework; path = Result.framework; sourceTree = BUILT_PRODUCTS_DIR; };
		"Result::ResultTests::Product" /* ResultTests.xctest */ = {isa = PBXFileReference; lastKnownFileType = file; path = ResultTests.xctest; sourceTree = BUILT_PRODUCTS_DIR; };
/* End PBXFileReference section */

/* Begin PBXFrameworksBuildPhase section */
		E90DD0FE2042E529003A4A04 /* Frameworks */ = {
			isa = PBXFrameworksBuildPhase;
			buildActionMask = 2147483647;
			files = (
			);
			runOnlyForDeploymentPostprocessing = 0;
		};
		E90DD1072042E529003A4A04 /* Frameworks */ = {
			isa = PBXFrameworksBuildPhase;
			buildActionMask = 2147483647;
			files = (
				E90DD10B2042E529003A4A04 /* Result.framework in Frameworks */,
			);
			runOnlyForDeploymentPostprocessing = 0;
		};
		E90DD11A2042E632003A4A04 /* Frameworks */ = {
			isa = PBXFrameworksBuildPhase;
			buildActionMask = 2147483647;
			files = (
			);
			runOnlyForDeploymentPostprocessing = 0;
		};
		E90DD1232042E633003A4A04 /* Frameworks */ = {
			isa = PBXFrameworksBuildPhase;
			buildActionMask = 2147483647;
			files = (
				E90DD1272042E633003A4A04 /* Result.framework in Frameworks */,
			);
			runOnlyForDeploymentPostprocessing = 0;
		};
		E90DD1402042E666003A4A04 /* Frameworks */ = {
			isa = PBXFrameworksBuildPhase;
			buildActionMask = 2147483647;
			files = (
			);
			runOnlyForDeploymentPostprocessing = 0;
		};
		E90DD1492042E666003A4A04 /* Frameworks */ = {
			isa = PBXFrameworksBuildPhase;
			buildActionMask = 2147483647;
			files = (
				E90DD14D2042E666003A4A04 /* Result.framework in Frameworks */,
			);
			runOnlyForDeploymentPostprocessing = 0;
		};
		OBJ_28 /* Frameworks */ = {
			isa = PBXFrameworksBuildPhase;
			buildActionMask = 0;
			files = (
				OBJ_29 /* Result.framework in Frameworks */,
			);
			runOnlyForDeploymentPostprocessing = 0;
		};
		OBJ_37 /* Frameworks */ = {
			isa = PBXFrameworksBuildPhase;
			buildActionMask = 0;
			files = (
			);
			runOnlyForDeploymentPostprocessing = 0;
		};
/* End PBXFrameworksBuildPhase section */

/* Begin PBXGroup section */
		E90DD0E72042E3E0003A4A04 /* Result-phoneOS */ = {
			isa = PBXGroup;
			children = (
				E90DD0E82042E3E0003A4A04 /* Result_phoneOS.h */,
				E90DD0E92042E3E0003A4A04 /* Info.plist */,
			);
			path = "Result-phoneOS";
			sourceTree = "<group>";
		};
		E90DD0F22042E3E0003A4A04 /* Result-phoneOSTests */ = {
			isa = PBXGroup;
			children = (
				E90DD0F32042E3E0003A4A04 /* Result_phoneOSTests.swift */,
				E90DD0F52042E3E0003A4A04 /* Info.plist */,
			);
			path = "Result-phoneOSTests";
			sourceTree = "<group>";
		};
		E90DD1032042E529003A4A04 /* Result-phoneOS */ = {
			isa = PBXGroup;
			children = (
				E90DD1042042E529003A4A04 /* Result_phoneOS.h */,
				E90DD1052042E529003A4A04 /* Info.plist */,
			);
			path = "Result-phoneOS";
			sourceTree = "<group>";
		};
		E90DD10E2042E529003A4A04 /* Result-phoneOSTests */ = {
			isa = PBXGroup;
			children = (
				E90DD10F2042E52A003A4A04 /* Result_phoneOSTests.swift */,
				E90DD1112042E52A003A4A04 /* Info.plist */,
			);
			path = "Result-phoneOSTests";
			sourceTree = "<group>";
		};
		E90DD11F2042E632003A4A04 /* Result-watchOS */ = {
			isa = PBXGroup;
			children = (
				E90DD1202042E632003A4A04 /* Result_watchOS.h */,
				E90DD1212042E632003A4A04 /* Info.plist */,
			);
			path = "Result-watchOS";
			sourceTree = "<group>";
		};
		E90DD12A2042E633003A4A04 /* Result-watchOSTests */ = {
			isa = PBXGroup;
			children = (
				E90DD12B2042E633003A4A04 /* Result_watchOSTests.swift */,
				E90DD12D2042E633003A4A04 /* Info.plist */,
			);
			path = "Result-watchOSTests";
			sourceTree = "<group>";
		};
		E90DD1452042E666003A4A04 /* Result-tvOS */ = {
			isa = PBXGroup;
			children = (
				E90DD1462042E666003A4A04 /* Result_tvOS.h */,
				E90DD1472042E666003A4A04 /* Info.plist */,
			);
			path = "Result-tvOS";
			sourceTree = "<group>";
		};
		E90DD1502042E666003A4A04 /* Result-tvOSTests */ = {
			isa = PBXGroup;
			children = (
				E90DD1512042E666003A4A04 /* Result_tvOSTests.swift */,
				E90DD1532042E666003A4A04 /* Info.plist */,
			);
			path = "Result-tvOSTests";
			sourceTree = "<group>";
		};
		OBJ_10 /* Tests */ = {
			isa = PBXGroup;
			children = (
				OBJ_11 /* ResultTests */,
			);
			name = Tests;
			sourceTree = SOURCE_ROOT;
		};
		OBJ_11 /* ResultTests */ = {
			isa = PBXGroup;
			children = (
				OBJ_12 /* ResultTests.swift */,
				E93A648C200BFD7400221DF5 /* AnyErrorTests.swift */,
				E93A648E200BFD9A00221DF5 /* NoErrorTests.swift */,
			);
			name = ResultTests;
			path = Tests/ResultTests;
			sourceTree = SOURCE_ROOT;
		};
		OBJ_13 /* Products */ = {
			isa = PBXGroup;
			children = (
				"Result::ResultTests::Product" /* ResultTests.xctest */,
				"Result::Result::Product" /* Result.framework */,
				E90DD1022042E529003A4A04 /* Result.framework */,
				E90DD10A2042E529003A4A04 /* Result-phoneOSTests.xctest */,
				E90DD11E2042E632003A4A04 /* Result.framework */,
				E90DD1262042E633003A4A04 /* Result-watchOSTests.xctest */,
				E90DD1442042E666003A4A04 /* Result.framework */,
				E90DD14C2042E666003A4A04 /* Result-tvOSTests.xctest */,
			);
			name = Products;
			sourceTree = BUILT_PRODUCTS_DIR;
		};
		OBJ_5 = {
			isa = PBXGroup;
			children = (
				E93A6490200BFED200221DF5 /* .travis.yml */,
				E93A6489200BFAB900221DF5 /* LICENSE.md */,
				E93A6480200BF8DE00221DF5 /* README.md */,
				OBJ_6 /* Package.swift */,
				OBJ_7 /* Sources */,
				OBJ_10 /* Tests */,
				E90DD0E72042E3E0003A4A04 /* Result-phoneOS */,
				E90DD0F22042E3E0003A4A04 /* Result-phoneOSTests */,
				E90DD1032042E529003A4A04 /* Result-phoneOS */,
				E90DD10E2042E529003A4A04 /* Result-phoneOSTests */,
				E90DD11F2042E632003A4A04 /* Result-watchOS */,
				E90DD12A2042E633003A4A04 /* Result-watchOSTests */,
				E90DD1452042E666003A4A04 /* Result-tvOS */,
				E90DD1502042E666003A4A04 /* Result-tvOSTests */,
				OBJ_13 /* Products */,
			);
			sourceTree = "<group>";
		};
		OBJ_7 /* Sources */ = {
			isa = PBXGroup;
			children = (
				OBJ_8 /* Result */,
			);
			name = Sources;
			sourceTree = SOURCE_ROOT;
		};
		OBJ_8 /* Result */ = {
			isa = PBXGroup;
			children = (
				OBJ_9 /* Result.swift */,
				E93A6481200BF94700221DF5 /* ResultProtocol.swift */,
				E93A6483200BF9E000221DF5 /* Result.ext.swift */,
				E93A6485200BFA3D00221DF5 /* AnyError.swift */,
				E93A6487200BFA6C00221DF5 /* NoError.swift */,
			);
			name = Result;
			path = Sources/Result;
			sourceTree = SOURCE_ROOT;
		};
/* End PBXGroup section */

/* Begin PBXHeadersBuildPhase section */
		E90DD0FF2042E529003A4A04 /* Headers */ = {
			isa = PBXHeadersBuildPhase;
			buildActionMask = 2147483647;
			files = (
				E90DD1122042E52A003A4A04 /* Result_phoneOS.h in Headers */,
			);
			runOnlyForDeploymentPostprocessing = 0;
		};
		E90DD11B2042E632003A4A04 /* Headers */ = {
			isa = PBXHeadersBuildPhase;
			buildActionMask = 2147483647;
			files = (
				E90DD12E2042E633003A4A04 /* Result_watchOS.h in Headers */,
			);
			runOnlyForDeploymentPostprocessing = 0;
		};
		E90DD1412042E666003A4A04 /* Headers */ = {
			isa = PBXHeadersBuildPhase;
			buildActionMask = 2147483647;
			files = (
				E90DD1542042E666003A4A04 /* Result_tvOS.h in Headers */,
			);
			runOnlyForDeploymentPostprocessing = 0;
		};
/* End PBXHeadersBuildPhase section */

/* Begin PBXNativeTarget section */
		E90DD1012042E529003A4A04 /* Result-phoneOS */ = {
			isa = PBXNativeTarget;
			buildConfigurationList = E90DD1132042E52A003A4A04 /* Build configuration list for PBXNativeTarget "Result-phoneOS" */;
			buildPhases = (
				E90DD0FD2042E529003A4A04 /* Sources */,
				E90DD0FE2042E529003A4A04 /* Frameworks */,
				E90DD0FF2042E529003A4A04 /* Headers */,
				E90DD1002042E529003A4A04 /* Resources */,
			);
			buildRules = (
			);
			dependencies = (
			);
			name = "Result-phoneOS";
			productName = "Result-phoneOS";
			productReference = E90DD1022042E529003A4A04 /* Result.framework */;
			productType = "com.apple.product-type.framework";
		};
		E90DD1092042E529003A4A04 /* Result-phoneOSTests */ = {
			isa = PBXNativeTarget;
			buildConfigurationList = E90DD1162042E52A003A4A04 /* Build configuration list for PBXNativeTarget "Result-phoneOSTests" */;
			buildPhases = (
				E90DD1062042E529003A4A04 /* Sources */,
				E90DD1072042E529003A4A04 /* Frameworks */,
				E90DD1082042E529003A4A04 /* Resources */,
			);
			buildRules = (
			);
			dependencies = (
				E90DD10D2042E529003A4A04 /* PBXTargetDependency */,
			);
			name = "Result-phoneOSTests";
			productName = "Result-phoneOSTests";
			productReference = E90DD10A2042E529003A4A04 /* Result-phoneOSTests.xctest */;
			productType = "com.apple.product-type.bundle.unit-test";
		};
		E90DD11D2042E632003A4A04 /* Result-watchOS */ = {
			isa = PBXNativeTarget;
			buildConfigurationList = E90DD12F2042E633003A4A04 /* Build configuration list for PBXNativeTarget "Result-watchOS" */;
			buildPhases = (
				E90DD1192042E632003A4A04 /* Sources */,
				E90DD11A2042E632003A4A04 /* Frameworks */,
				E90DD11B2042E632003A4A04 /* Headers */,
				E90DD11C2042E632003A4A04 /* Resources */,
			);
			buildRules = (
			);
			dependencies = (
			);
			name = "Result-watchOS";
			productName = "Result-watchOS";
			productReference = E90DD11E2042E632003A4A04 /* Result.framework */;
			productType = "com.apple.product-type.framework";
		};
		E90DD1252042E633003A4A04 /* Result-watchOSTests */ = {
			isa = PBXNativeTarget;
			buildConfigurationList = E90DD1322042E633003A4A04 /* Build configuration list for PBXNativeTarget "Result-watchOSTests" */;
			buildPhases = (
				E90DD1222042E633003A4A04 /* Sources */,
				E90DD1232042E633003A4A04 /* Frameworks */,
				E90DD1242042E633003A4A04 /* Resources */,
			);
			buildRules = (
			);
			dependencies = (
				E90DD1292042E633003A4A04 /* PBXTargetDependency */,
			);
			name = "Result-watchOSTests";
			productName = "Result-watchOSTests";
			productReference = E90DD1262042E633003A4A04 /* Result-watchOSTests.xctest */;
			productType = "com.apple.product-type.bundle.unit-test";
		};
		E90DD1432042E666003A4A04 /* Result-tvOS */ = {
			isa = PBXNativeTarget;
			buildConfigurationList = E90DD1552042E666003A4A04 /* Build configuration list for PBXNativeTarget "Result-tvOS" */;
			buildPhases = (
				E90DD13F2042E666003A4A04 /* Sources */,
				E90DD1402042E666003A4A04 /* Frameworks */,
				E90DD1412042E666003A4A04 /* Headers */,
				E90DD1422042E666003A4A04 /* Resources */,
			);
			buildRules = (
			);
			dependencies = (
			);
			name = "Result-tvOS";
			productName = "Result-tvOS";
			productReference = E90DD1442042E666003A4A04 /* Result.framework */;
			productType = "com.apple.product-type.framework";
		};
		E90DD14B2042E666003A4A04 /* Result-tvOSTests */ = {
			isa = PBXNativeTarget;
			buildConfigurationList = E90DD1582042E666003A4A04 /* Build configuration list for PBXNativeTarget "Result-tvOSTests" */;
			buildPhases = (
				E90DD1482042E666003A4A04 /* Sources */,
				E90DD1492042E666003A4A04 /* Frameworks */,
				E90DD14A2042E666003A4A04 /* Resources */,
			);
			buildRules = (
			);
			dependencies = (
				E90DD14F2042E666003A4A04 /* PBXTargetDependency */,
			);
			name = "Result-tvOSTests";
			productName = "Result-tvOSTests";
			productReference = E90DD14C2042E666003A4A04 /* Result-tvOSTests.xctest */;
			productType = "com.apple.product-type.bundle.unit-test";
		};
		"Result::Result" /* Result */ = {
			isa = PBXNativeTarget;
			buildConfigurationList = OBJ_32 /* Build configuration list for PBXNativeTarget "Result" */;
			buildPhases = (
				OBJ_35 /* Sources */,
				OBJ_37 /* Frameworks */,
			);
			buildRules = (
			);
			dependencies = (
			);
			name = Result;
			productName = Result;
			productReference = "Result::Result::Product" /* Result.framework */;
			productType = "com.apple.product-type.framework";
		};
		"Result::ResultTests" /* ResultTests */ = {
			isa = PBXNativeTarget;
			buildConfigurationList = OBJ_23 /* Build configuration list for PBXNativeTarget "ResultTests" */;
			buildPhases = (
				OBJ_26 /* Sources */,
				OBJ_28 /* Frameworks */,
			);
			buildRules = (
			);
			dependencies = (
				OBJ_30 /* PBXTargetDependency */,
			);
			name = ResultTests;
			productName = ResultTests;
			productReference = "Result::ResultTests::Product" /* ResultTests.xctest */;
			productType = "com.apple.product-type.bundle.unit-test";
		};
		"Result::SwiftPMPackageDescription" /* ResultPackageDescription */ = {
			isa = PBXNativeTarget;
			buildConfigurationList = OBJ_17 /* Build configuration list for PBXNativeTarget "ResultPackageDescription" */;
			buildPhases = (
				OBJ_20 /* Sources */,
			);
			buildRules = (
			);
			dependencies = (
			);
			name = ResultPackageDescription;
			productName = ResultPackageDescription;
			productType = "com.apple.product-type.framework";
		};
/* End PBXNativeTarget section */

/* Begin PBXProject section */
		OBJ_1 /* Project object */ = {
			isa = PBXProject;
			attributes = {
				LastSwiftUpdateCheck = 0920;
				LastUpgradeCheck = 9999;
				TargetAttributes = {
					E90DD1012042E529003A4A04 = {
						CreatedOnToolsVersion = 9.2;
						DevelopmentTeam = HFXFKGB6U5;
						ProvisioningStyle = Automatic;
					};
					E90DD1092042E529003A4A04 = {
						CreatedOnToolsVersion = 9.2;
						DevelopmentTeam = HFXFKGB6U5;
						ProvisioningStyle = Automatic;
					};
					E90DD11D2042E632003A4A04 = {
						CreatedOnToolsVersion = 9.2;
						DevelopmentTeam = HFXFKGB6U5;
						ProvisioningStyle = Automatic;
					};
					E90DD1252042E633003A4A04 = {
						CreatedOnToolsVersion = 9.2;
						DevelopmentTeam = HFXFKGB6U5;
						ProvisioningStyle = Automatic;
					};
					E90DD1432042E666003A4A04 = {
						CreatedOnToolsVersion = 9.2;
						DevelopmentTeam = HFXFKGB6U5;
						ProvisioningStyle = Automatic;
					};
					E90DD14B2042E666003A4A04 = {
						CreatedOnToolsVersion = 9.2;
						DevelopmentTeam = HFXFKGB6U5;
						ProvisioningStyle = Automatic;
					};
				};
			};
			buildConfigurationList = OBJ_2 /* Build configuration list for PBXProject "Result" */;
			compatibilityVersion = "Xcode 3.2";
			developmentRegion = English;
			hasScannedForEncodings = 0;
			knownRegions = (
				en,
			);
			mainGroup = OBJ_5;
			productRefGroup = OBJ_13 /* Products */;
			projectDirPath = "";
			projectRoot = "";
			targets = (
				"Result::SwiftPMPackageDescription" /* ResultPackageDescription */,
				"Result::ResultTests" /* ResultTests */,
				"Result::Result" /* Result */,
				"Result::ResultPackageTests::ProductTarget" /* ResultPackageTests */,
				E90DD1012042E529003A4A04 /* Result-phoneOS */,
				E90DD1092042E529003A4A04 /* Result-phoneOSTests */,
				E90DD11D2042E632003A4A04 /* Result-watchOS */,
				E90DD1252042E633003A4A04 /* Result-watchOSTests */,
				E90DD1432042E666003A4A04 /* Result-tvOS */,
				E90DD14B2042E666003A4A04 /* Result-tvOSTests */,
			);
		};
/* End PBXProject section */

/* Begin PBXResourcesBuildPhase section */
		E90DD1002042E529003A4A04 /* Resources */ = {
			isa = PBXResourcesBuildPhase;
			buildActionMask = 2147483647;
			files = (
			);
			runOnlyForDeploymentPostprocessing = 0;
		};
		E90DD1082042E529003A4A04 /* Resources */ = {
			isa = PBXResourcesBuildPhase;
			buildActionMask = 2147483647;
			files = (
			);
			runOnlyForDeploymentPostprocessing = 0;
		};
		E90DD11C2042E632003A4A04 /* Resources */ = {
			isa = PBXResourcesBuildPhase;
			buildActionMask = 2147483647;
			files = (
			);
			runOnlyForDeploymentPostprocessing = 0;
		};
		E90DD1242042E633003A4A04 /* Resources */ = {
			isa = PBXResourcesBuildPhase;
			buildActionMask = 2147483647;
			files = (
			);
			runOnlyForDeploymentPostprocessing = 0;
		};
		E90DD1422042E666003A4A04 /* Resources */ = {
			isa = PBXResourcesBuildPhase;
			buildActionMask = 2147483647;
			files = (
			);
			runOnlyForDeploymentPostprocessing = 0;
		};
		E90DD14A2042E666003A4A04 /* Resources */ = {
			isa = PBXResourcesBuildPhase;
			buildActionMask = 2147483647;
			files = (
			);
			runOnlyForDeploymentPostprocessing = 0;
		};
/* End PBXResourcesBuildPhase section */

/* Begin PBXSourcesBuildPhase section */
		E90DD0FD2042E529003A4A04 /* Sources */ = {
			isa = PBXSourcesBuildPhase;
			buildActionMask = 2147483647;
			files = (
				E90DD1352042E64F003A4A04 /* Result.swift in Sources */,
				E90DD1362042E64F003A4A04 /* ResultProtocol.swift in Sources */,
				E90DD1372042E64F003A4A04 /* Result.ext.swift in Sources */,
				E90DD1382042E64F003A4A04 /* AnyError.swift in Sources */,
				E90DD1392042E64F003A4A04 /* NoError.swift in Sources */,
			);
			runOnlyForDeploymentPostprocessing = 0;
		};
		E90DD1062042E529003A4A04 /* Sources */ = {
			isa = PBXSourcesBuildPhase;
			buildActionMask = 2147483647;
			files = (
				E90DD1602042E6F8003A4A04 /* ResultTests.swift in Sources */,
				E90DD1612042E6F8003A4A04 /* AnyErrorTests.swift in Sources */,
				E90DD1622042E6F8003A4A04 /* NoErrorTests.swift in Sources */,
				E90DD1102042E52A003A4A04 /* Result_phoneOSTests.swift in Sources */,
			);
			runOnlyForDeploymentPostprocessing = 0;
		};
		E90DD1192042E632003A4A04 /* Sources */ = {
			isa = PBXSourcesBuildPhase;
			buildActionMask = 2147483647;
			files = (
				E90DD13A2042E657003A4A04 /* Result.swift in Sources */,
				E90DD13B2042E657003A4A04 /* ResultProtocol.swift in Sources */,
				E90DD13C2042E657003A4A04 /* Result.ext.swift in Sources */,
				E90DD13D2042E657003A4A04 /* AnyError.swift in Sources */,
				E90DD13E2042E657003A4A04 /* NoError.swift in Sources */,
			);
			runOnlyForDeploymentPostprocessing = 0;
		};
		E90DD1222042E633003A4A04 /* Sources */ = {
			isa = PBXSourcesBuildPhase;
			buildActionMask = 2147483647;
			files = (
				E90DD1632042E701003A4A04 /* ResultTests.swift in Sources */,
				E90DD1642042E701003A4A04 /* AnyErrorTests.swift in Sources */,
				E90DD1652042E701003A4A04 /* NoErrorTests.swift in Sources */,
				E90DD12C2042E633003A4A04 /* Result_watchOSTests.swift in Sources */,
			);
			runOnlyForDeploymentPostprocessing = 0;
		};
		E90DD13F2042E666003A4A04 /* Sources */ = {
			isa = PBXSourcesBuildPhase;
			buildActionMask = 2147483647;
			files = (
				E90DD15B2042E670003A4A04 /* Result.swift in Sources */,
				E90DD15C2042E670003A4A04 /* ResultProtocol.swift in Sources */,
				E90DD15D2042E670003A4A04 /* Result.ext.swift in Sources */,
				E90DD15E2042E670003A4A04 /* AnyError.swift in Sources */,
				E90DD15F2042E670003A4A04 /* NoError.swift in Sources */,
			);
			runOnlyForDeploymentPostprocessing = 0;
		};
		E90DD1482042E666003A4A04 /* Sources */ = {
			isa = PBXSourcesBuildPhase;
			buildActionMask = 2147483647;
			files = (
				E90DD1662042E708003A4A04 /* ResultTests.swift in Sources */,
				E90DD1672042E708003A4A04 /* AnyErrorTests.swift in Sources */,
				E90DD1682042E708003A4A04 /* NoErrorTests.swift in Sources */,
				E90DD1522042E666003A4A04 /* Result_tvOSTests.swift in Sources */,
			);
			runOnlyForDeploymentPostprocessing = 0;
		};
		OBJ_20 /* Sources */ = {
			isa = PBXSourcesBuildPhase;
			buildActionMask = 0;
			files = (
				OBJ_21 /* Package.swift in Sources */,
			);
			runOnlyForDeploymentPostprocessing = 0;
		};
		OBJ_26 /* Sources */ = {
			isa = PBXSourcesBuildPhase;
			buildActionMask = 0;
			files = (
				E93A648F200BFD9A00221DF5 /* NoErrorTests.swift in Sources */,
				OBJ_27 /* ResultTests.swift in Sources */,
				E93A648D200BFD7400221DF5 /* AnyErrorTests.swift in Sources */,
			);
			runOnlyForDeploymentPostprocessing = 0;
		};
		OBJ_35 /* Sources */ = {
			isa = PBXSourcesBuildPhase;
			buildActionMask = 0;
			files = (
				E93A6484200BF9E000221DF5 /* Result.ext.swift in Sources */,
				E93A6482200BF94700221DF5 /* ResultProtocol.swift in Sources */,
				E93A6488200BFA6C00221DF5 /* NoError.swift in Sources */,
				OBJ_36 /* Result.swift in Sources */,
				E93A6486200BFA3D00221DF5 /* AnyError.swift in Sources */,
			);
			runOnlyForDeploymentPostprocessing = 0;
		};
/* End PBXSourcesBuildPhase section */

/* Begin PBXTargetDependency section */
		E90DD10D2042E529003A4A04 /* PBXTargetDependency */ = {
			isa = PBXTargetDependency;
			target = E90DD1012042E529003A4A04 /* Result-phoneOS */;
			targetProxy = E90DD10C2042E529003A4A04 /* PBXContainerItemProxy */;
		};
		E90DD1292042E633003A4A04 /* PBXTargetDependency */ = {
			isa = PBXTargetDependency;
			target = E90DD11D2042E632003A4A04 /* Result-watchOS */;
			targetProxy = E90DD1282042E633003A4A04 /* PBXContainerItemProxy */;
		};
		E90DD14F2042E666003A4A04 /* PBXTargetDependency */ = {
			isa = PBXTargetDependency;
			target = E90DD1432042E666003A4A04 /* Result-tvOS */;
			targetProxy = E90DD14E2042E666003A4A04 /* PBXContainerItemProxy */;
		};
		OBJ_30 /* PBXTargetDependency */ = {
			isa = PBXTargetDependency;
			target = "Result::Result" /* Result */;
			targetProxy = E93A647E200BF89200221DF5 /* PBXContainerItemProxy */;
		};
		OBJ_42 /* PBXTargetDependency */ = {
			isa = PBXTargetDependency;
			target = "Result::ResultTests" /* ResultTests */;
			targetProxy = E93A647F200BF89300221DF5 /* PBXContainerItemProxy */;
		};
/* End PBXTargetDependency section */

/* Begin XCBuildConfiguration section */
		E90DD1142042E52A003A4A04 /* Debug */ = {
			isa = XCBuildConfiguration;
			buildSettings = {
				ALWAYS_SEARCH_USER_PATHS = NO;
				CLANG_ANALYZER_NONNULL = YES;
				CLANG_ANALYZER_NUMBER_OBJECT_CONVERSION = YES_AGGRESSIVE;
				CLANG_CXX_LANGUAGE_STANDARD = "gnu++14";
				CLANG_CXX_LIBRARY = "libc++";
				CLANG_ENABLE_MODULES = YES;
				CLANG_WARN_BLOCK_CAPTURE_AUTORELEASING = YES;
				CLANG_WARN_BOOL_CONVERSION = YES;
				CLANG_WARN_COMMA = YES;
				CLANG_WARN_CONSTANT_CONVERSION = YES;
				CLANG_WARN_DIRECT_OBJC_ISA_USAGE = YES_ERROR;
				CLANG_WARN_DOCUMENTATION_COMMENTS = YES;
				CLANG_WARN_EMPTY_BODY = YES;
				CLANG_WARN_ENUM_CONVERSION = YES;
				CLANG_WARN_INFINITE_RECURSION = YES;
				CLANG_WARN_INT_CONVERSION = YES;
				CLANG_WARN_NON_LITERAL_NULL_CONVERSION = YES;
				CLANG_WARN_OBJC_LITERAL_CONVERSION = YES;
				CLANG_WARN_OBJC_ROOT_CLASS = YES_ERROR;
				CLANG_WARN_RANGE_LOOP_ANALYSIS = YES;
				CLANG_WARN_STRICT_PROTOTYPES = YES;
				CLANG_WARN_SUSPICIOUS_MOVE = YES;
				CLANG_WARN_UNGUARDED_AVAILABILITY = YES_AGGRESSIVE;
				CLANG_WARN_UNREACHABLE_CODE = YES;
				CLANG_WARN__DUPLICATE_METHOD_MATCH = YES;
				CODE_SIGN_IDENTITY = "iPhone Developer";
				CODE_SIGN_STYLE = Automatic;
				CURRENT_PROJECT_VERSION = 1;
				DEFINES_MODULE = YES;
				DEVELOPMENT_TEAM = HFXFKGB6U5;
				DYLIB_COMPATIBILITY_VERSION = 1;
				DYLIB_CURRENT_VERSION = 1;
				DYLIB_INSTALL_NAME_BASE = "@rpath";
				ENABLE_STRICT_OBJC_MSGSEND = YES;
				ENABLE_TESTABILITY = YES;
				GCC_C_LANGUAGE_STANDARD = gnu11;
				GCC_DYNAMIC_NO_PIC = NO;
				GCC_NO_COMMON_BLOCKS = YES;
				GCC_PREPROCESSOR_DEFINITIONS = (
					"DEBUG=1",
					"$(inherited)",
				);
				GCC_WARN_64_TO_32_BIT_CONVERSION = YES;
				GCC_WARN_ABOUT_RETURN_TYPE = YES_ERROR;
				GCC_WARN_UNDECLARED_SELECTOR = YES;
				GCC_WARN_UNINITIALIZED_AUTOS = YES_AGGRESSIVE;
				GCC_WARN_UNUSED_FUNCTION = YES;
				GCC_WARN_UNUSED_VARIABLE = YES;
				INFOPLIST_FILE = "Result-phoneOS/Info.plist";
				INSTALL_PATH = "$(LOCAL_LIBRARY_DIR)/Frameworks";
				IPHONEOS_DEPLOYMENT_TARGET = 11.2;
				LD_RUNPATH_SEARCH_PATHS = "$(inherited) @executable_path/Frameworks @loader_path/Frameworks";
				MTL_ENABLE_DEBUG_INFO = YES;
				PRODUCT_BUNDLE_IDENTIFIER = "io.thecb4.Result-phoneOS";
				PRODUCT_MODULE_NAME = "$(PROJECT_NAME:c99extidentifier)";
				PRODUCT_NAME = "$(PROJECT_NAME:c99extidentifier)";
				SDKROOT = iphoneos;
				SKIP_INSTALL = YES;
				SWIFT_ACTIVE_COMPILATION_CONDITIONS = DEBUG;
				SWIFT_VERSION = 4.0;
				TARGETED_DEVICE_FAMILY = "1,2";
				VERSIONING_SYSTEM = "apple-generic";
				VERSION_INFO_PREFIX = "";
			};
			name = Debug;
		};
		E90DD1152042E52A003A4A04 /* Release */ = {
			isa = XCBuildConfiguration;
			buildSettings = {
				ALWAYS_SEARCH_USER_PATHS = NO;
				CLANG_ANALYZER_NONNULL = YES;
				CLANG_ANALYZER_NUMBER_OBJECT_CONVERSION = YES_AGGRESSIVE;
				CLANG_CXX_LANGUAGE_STANDARD = "gnu++14";
				CLANG_CXX_LIBRARY = "libc++";
				CLANG_ENABLE_MODULES = YES;
				CLANG_WARN_BLOCK_CAPTURE_AUTORELEASING = YES;
				CLANG_WARN_BOOL_CONVERSION = YES;
				CLANG_WARN_COMMA = YES;
				CLANG_WARN_CONSTANT_CONVERSION = YES;
				CLANG_WARN_DIRECT_OBJC_ISA_USAGE = YES_ERROR;
				CLANG_WARN_DOCUMENTATION_COMMENTS = YES;
				CLANG_WARN_EMPTY_BODY = YES;
				CLANG_WARN_ENUM_CONVERSION = YES;
				CLANG_WARN_INFINITE_RECURSION = YES;
				CLANG_WARN_INT_CONVERSION = YES;
				CLANG_WARN_NON_LITERAL_NULL_CONVERSION = YES;
				CLANG_WARN_OBJC_LITERAL_CONVERSION = YES;
				CLANG_WARN_OBJC_ROOT_CLASS = YES_ERROR;
				CLANG_WARN_RANGE_LOOP_ANALYSIS = YES;
				CLANG_WARN_STRICT_PROTOTYPES = YES;
				CLANG_WARN_SUSPICIOUS_MOVE = YES;
				CLANG_WARN_UNGUARDED_AVAILABILITY = YES_AGGRESSIVE;
				CLANG_WARN_UNREACHABLE_CODE = YES;
				CLANG_WARN__DUPLICATE_METHOD_MATCH = YES;
				CODE_SIGN_IDENTITY = "iPhone Developer";
				CODE_SIGN_STYLE = Automatic;
				COPY_PHASE_STRIP = NO;
				CURRENT_PROJECT_VERSION = 1;
				DEFINES_MODULE = YES;
				DEVELOPMENT_TEAM = HFXFKGB6U5;
				DYLIB_COMPATIBILITY_VERSION = 1;
				DYLIB_CURRENT_VERSION = 1;
				DYLIB_INSTALL_NAME_BASE = "@rpath";
				ENABLE_NS_ASSERTIONS = NO;
				ENABLE_STRICT_OBJC_MSGSEND = YES;
				GCC_C_LANGUAGE_STANDARD = gnu11;
				GCC_NO_COMMON_BLOCKS = YES;
				GCC_WARN_64_TO_32_BIT_CONVERSION = YES;
				GCC_WARN_ABOUT_RETURN_TYPE = YES_ERROR;
				GCC_WARN_UNDECLARED_SELECTOR = YES;
				GCC_WARN_UNINITIALIZED_AUTOS = YES_AGGRESSIVE;
				GCC_WARN_UNUSED_FUNCTION = YES;
				GCC_WARN_UNUSED_VARIABLE = YES;
				INFOPLIST_FILE = "Result-phoneOS/Info.plist";
				INSTALL_PATH = "$(LOCAL_LIBRARY_DIR)/Frameworks";
				IPHONEOS_DEPLOYMENT_TARGET = 11.2;
				LD_RUNPATH_SEARCH_PATHS = "$(inherited) @executable_path/Frameworks @loader_path/Frameworks";
				MTL_ENABLE_DEBUG_INFO = NO;
				PRODUCT_BUNDLE_IDENTIFIER = "io.thecb4.Result-phoneOS";
				PRODUCT_MODULE_NAME = "$(PROJECT_NAME:c99extidentifier)";
				PRODUCT_NAME = "$(PROJECT_NAME:c99extidentifier)";
				SDKROOT = iphoneos;
				SKIP_INSTALL = YES;
				SWIFT_VERSION = 4.0;
				TARGETED_DEVICE_FAMILY = "1,2";
				VALIDATE_PRODUCT = YES;
				VERSIONING_SYSTEM = "apple-generic";
				VERSION_INFO_PREFIX = "";
			};
			name = Release;
		};
		E90DD1172042E52A003A4A04 /* Debug */ = {
			isa = XCBuildConfiguration;
			buildSettings = {
				ALWAYS_EMBED_SWIFT_STANDARD_LIBRARIES = YES;
				ALWAYS_SEARCH_USER_PATHS = NO;
				CLANG_ANALYZER_NONNULL = YES;
				CLANG_ANALYZER_NUMBER_OBJECT_CONVERSION = YES_AGGRESSIVE;
				CLANG_CXX_LANGUAGE_STANDARD = "gnu++14";
				CLANG_CXX_LIBRARY = "libc++";
				CLANG_ENABLE_MODULES = YES;
				CLANG_WARN_BLOCK_CAPTURE_AUTORELEASING = YES;
				CLANG_WARN_BOOL_CONVERSION = YES;
				CLANG_WARN_COMMA = YES;
				CLANG_WARN_CONSTANT_CONVERSION = YES;
				CLANG_WARN_DIRECT_OBJC_ISA_USAGE = YES_ERROR;
				CLANG_WARN_DOCUMENTATION_COMMENTS = YES;
				CLANG_WARN_EMPTY_BODY = YES;
				CLANG_WARN_ENUM_CONVERSION = YES;
				CLANG_WARN_INFINITE_RECURSION = YES;
				CLANG_WARN_INT_CONVERSION = YES;
				CLANG_WARN_NON_LITERAL_NULL_CONVERSION = YES;
				CLANG_WARN_OBJC_LITERAL_CONVERSION = YES;
				CLANG_WARN_OBJC_ROOT_CLASS = YES_ERROR;
				CLANG_WARN_RANGE_LOOP_ANALYSIS = YES;
				CLANG_WARN_STRICT_PROTOTYPES = YES;
				CLANG_WARN_SUSPICIOUS_MOVE = YES;
				CLANG_WARN_UNGUARDED_AVAILABILITY = YES_AGGRESSIVE;
				CLANG_WARN_UNREACHABLE_CODE = YES;
				CLANG_WARN__DUPLICATE_METHOD_MATCH = YES;
				CODE_SIGN_IDENTITY = "iPhone Developer";
				CODE_SIGN_STYLE = Automatic;
				DEVELOPMENT_TEAM = HFXFKGB6U5;
				ENABLE_STRICT_OBJC_MSGSEND = YES;
				ENABLE_TESTABILITY = YES;
				GCC_C_LANGUAGE_STANDARD = gnu11;
				GCC_DYNAMIC_NO_PIC = NO;
				GCC_NO_COMMON_BLOCKS = YES;
				GCC_PREPROCESSOR_DEFINITIONS = (
					"DEBUG=1",
					"$(inherited)",
				);
				GCC_WARN_64_TO_32_BIT_CONVERSION = YES;
				GCC_WARN_ABOUT_RETURN_TYPE = YES_ERROR;
				GCC_WARN_UNDECLARED_SELECTOR = YES;
				GCC_WARN_UNINITIALIZED_AUTOS = YES_AGGRESSIVE;
				GCC_WARN_UNUSED_FUNCTION = YES;
				GCC_WARN_UNUSED_VARIABLE = YES;
				INFOPLIST_FILE = "Result-phoneOSTests/Info.plist";
				IPHONEOS_DEPLOYMENT_TARGET = 11.2;
				LD_RUNPATH_SEARCH_PATHS = "$(inherited) @executable_path/Frameworks @loader_path/Frameworks";
				MTL_ENABLE_DEBUG_INFO = YES;
				PRODUCT_BUNDLE_IDENTIFIER = "io.thecb4.Result-phoneOSTests";
				PRODUCT_NAME = "$(TARGET_NAME)";
				SDKROOT = iphoneos;
				SWIFT_ACTIVE_COMPILATION_CONDITIONS = DEBUG;
				SWIFT_VERSION = 4.0;
				TARGETED_DEVICE_FAMILY = "1,2";
			};
			name = Debug;
		};
		E90DD1182042E52A003A4A04 /* Release */ = {
			isa = XCBuildConfiguration;
			buildSettings = {
				ALWAYS_EMBED_SWIFT_STANDARD_LIBRARIES = YES;
				ALWAYS_SEARCH_USER_PATHS = NO;
				CLANG_ANALYZER_NONNULL = YES;
				CLANG_ANALYZER_NUMBER_OBJECT_CONVERSION = YES_AGGRESSIVE;
				CLANG_CXX_LANGUAGE_STANDARD = "gnu++14";
				CLANG_CXX_LIBRARY = "libc++";
				CLANG_ENABLE_MODULES = YES;
				CLANG_WARN_BLOCK_CAPTURE_AUTORELEASING = YES;
				CLANG_WARN_BOOL_CONVERSION = YES;
				CLANG_WARN_COMMA = YES;
				CLANG_WARN_CONSTANT_CONVERSION = YES;
				CLANG_WARN_DIRECT_OBJC_ISA_USAGE = YES_ERROR;
				CLANG_WARN_DOCUMENTATION_COMMENTS = YES;
				CLANG_WARN_EMPTY_BODY = YES;
				CLANG_WARN_ENUM_CONVERSION = YES;
				CLANG_WARN_INFINITE_RECURSION = YES;
				CLANG_WARN_INT_CONVERSION = YES;
				CLANG_WARN_NON_LITERAL_NULL_CONVERSION = YES;
				CLANG_WARN_OBJC_LITERAL_CONVERSION = YES;
				CLANG_WARN_OBJC_ROOT_CLASS = YES_ERROR;
				CLANG_WARN_RANGE_LOOP_ANALYSIS = YES;
				CLANG_WARN_STRICT_PROTOTYPES = YES;
				CLANG_WARN_SUSPICIOUS_MOVE = YES;
				CLANG_WARN_UNGUARDED_AVAILABILITY = YES_AGGRESSIVE;
				CLANG_WARN_UNREACHABLE_CODE = YES;
				CLANG_WARN__DUPLICATE_METHOD_MATCH = YES;
				CODE_SIGN_IDENTITY = "iPhone Developer";
				CODE_SIGN_STYLE = Automatic;
				COPY_PHASE_STRIP = NO;
				DEVELOPMENT_TEAM = HFXFKGB6U5;
				ENABLE_NS_ASSERTIONS = NO;
				ENABLE_STRICT_OBJC_MSGSEND = YES;
				GCC_C_LANGUAGE_STANDARD = gnu11;
				GCC_NO_COMMON_BLOCKS = YES;
				GCC_WARN_64_TO_32_BIT_CONVERSION = YES;
				GCC_WARN_ABOUT_RETURN_TYPE = YES_ERROR;
				GCC_WARN_UNDECLARED_SELECTOR = YES;
				GCC_WARN_UNINITIALIZED_AUTOS = YES_AGGRESSIVE;
				GCC_WARN_UNUSED_FUNCTION = YES;
				GCC_WARN_UNUSED_VARIABLE = YES;
				INFOPLIST_FILE = "Result-phoneOSTests/Info.plist";
				IPHONEOS_DEPLOYMENT_TARGET = 11.2;
				LD_RUNPATH_SEARCH_PATHS = "$(inherited) @executable_path/Frameworks @loader_path/Frameworks";
				MTL_ENABLE_DEBUG_INFO = NO;
				PRODUCT_BUNDLE_IDENTIFIER = "io.thecb4.Result-phoneOSTests";
				PRODUCT_NAME = "$(TARGET_NAME)";
				SDKROOT = iphoneos;
				SWIFT_VERSION = 4.0;
				TARGETED_DEVICE_FAMILY = "1,2";
				VALIDATE_PRODUCT = YES;
			};
			name = Release;
		};
		E90DD1302042E633003A4A04 /* Debug */ = {
			isa = XCBuildConfiguration;
			buildSettings = {
				ALWAYS_SEARCH_USER_PATHS = NO;
				CLANG_ANALYZER_NONNULL = YES;
				CLANG_ANALYZER_NUMBER_OBJECT_CONVERSION = YES_AGGRESSIVE;
				CLANG_CXX_LANGUAGE_STANDARD = "gnu++14";
				CLANG_CXX_LIBRARY = "libc++";
				CLANG_ENABLE_MODULES = YES;
				CLANG_WARN_BLOCK_CAPTURE_AUTORELEASING = YES;
				CLANG_WARN_BOOL_CONVERSION = YES;
				CLANG_WARN_COMMA = YES;
				CLANG_WARN_CONSTANT_CONVERSION = YES;
				CLANG_WARN_DIRECT_OBJC_ISA_USAGE = YES_ERROR;
				CLANG_WARN_DOCUMENTATION_COMMENTS = YES;
				CLANG_WARN_EMPTY_BODY = YES;
				CLANG_WARN_ENUM_CONVERSION = YES;
				CLANG_WARN_INFINITE_RECURSION = YES;
				CLANG_WARN_INT_CONVERSION = YES;
				CLANG_WARN_NON_LITERAL_NULL_CONVERSION = YES;
				CLANG_WARN_OBJC_LITERAL_CONVERSION = YES;
				CLANG_WARN_OBJC_ROOT_CLASS = YES_ERROR;
				CLANG_WARN_RANGE_LOOP_ANALYSIS = YES;
				CLANG_WARN_STRICT_PROTOTYPES = YES;
				CLANG_WARN_SUSPICIOUS_MOVE = YES;
				CLANG_WARN_UNGUARDED_AVAILABILITY = YES_AGGRESSIVE;
				CLANG_WARN_UNREACHABLE_CODE = YES;
				CLANG_WARN__DUPLICATE_METHOD_MATCH = YES;
				CODE_SIGN_IDENTITY = "iPhone Developer";
				CODE_SIGN_STYLE = Automatic;
				CURRENT_PROJECT_VERSION = 1;
				DEFINES_MODULE = YES;
				DEVELOPMENT_TEAM = HFXFKGB6U5;
				DYLIB_COMPATIBILITY_VERSION = 1;
				DYLIB_CURRENT_VERSION = 1;
				DYLIB_INSTALL_NAME_BASE = "@rpath";
				ENABLE_STRICT_OBJC_MSGSEND = YES;
				ENABLE_TESTABILITY = YES;
				GCC_C_LANGUAGE_STANDARD = gnu11;
				GCC_DYNAMIC_NO_PIC = NO;
				GCC_NO_COMMON_BLOCKS = YES;
				GCC_PREPROCESSOR_DEFINITIONS = (
					"DEBUG=1",
					"$(inherited)",
				);
				GCC_WARN_64_TO_32_BIT_CONVERSION = YES;
				GCC_WARN_ABOUT_RETURN_TYPE = YES_ERROR;
				GCC_WARN_UNDECLARED_SELECTOR = YES;
				GCC_WARN_UNINITIALIZED_AUTOS = YES_AGGRESSIVE;
				GCC_WARN_UNUSED_FUNCTION = YES;
				GCC_WARN_UNUSED_VARIABLE = YES;
				INFOPLIST_FILE = "Result-watchOS/Info.plist";
				INSTALL_PATH = "$(LOCAL_LIBRARY_DIR)/Frameworks";
				IPHONEOS_DEPLOYMENT_TARGET = 11.2;
				LD_RUNPATH_SEARCH_PATHS = "$(inherited) @executable_path/Frameworks @loader_path/Frameworks";
				MTL_ENABLE_DEBUG_INFO = YES;
				PRODUCT_BUNDLE_IDENTIFIER = "io.thecb4.Result-watchOS";
				PRODUCT_MODULE_NAME = "$(PROJECT_NAME:c99extidentifier)";
				PRODUCT_NAME = "$(PROJECT_NAME:c99extidentifier)";
				SDKROOT = iphoneos;
				SKIP_INSTALL = YES;
				SWIFT_ACTIVE_COMPILATION_CONDITIONS = DEBUG;
				SWIFT_VERSION = 4.0;
				TARGETED_DEVICE_FAMILY = "1,2";
				VERSIONING_SYSTEM = "apple-generic";
				VERSION_INFO_PREFIX = "";
			};
			name = Debug;
		};
		E90DD1312042E633003A4A04 /* Release */ = {
			isa = XCBuildConfiguration;
			buildSettings = {
				ALWAYS_SEARCH_USER_PATHS = NO;
				CLANG_ANALYZER_NONNULL = YES;
				CLANG_ANALYZER_NUMBER_OBJECT_CONVERSION = YES_AGGRESSIVE;
				CLANG_CXX_LANGUAGE_STANDARD = "gnu++14";
				CLANG_CXX_LIBRARY = "libc++";
				CLANG_ENABLE_MODULES = YES;
				CLANG_WARN_BLOCK_CAPTURE_AUTORELEASING = YES;
				CLANG_WARN_BOOL_CONVERSION = YES;
				CLANG_WARN_COMMA = YES;
				CLANG_WARN_CONSTANT_CONVERSION = YES;
				CLANG_WARN_DIRECT_OBJC_ISA_USAGE = YES_ERROR;
				CLANG_WARN_DOCUMENTATION_COMMENTS = YES;
				CLANG_WARN_EMPTY_BODY = YES;
				CLANG_WARN_ENUM_CONVERSION = YES;
				CLANG_WARN_INFINITE_RECURSION = YES;
				CLANG_WARN_INT_CONVERSION = YES;
				CLANG_WARN_NON_LITERAL_NULL_CONVERSION = YES;
				CLANG_WARN_OBJC_LITERAL_CONVERSION = YES;
				CLANG_WARN_OBJC_ROOT_CLASS = YES_ERROR;
				CLANG_WARN_RANGE_LOOP_ANALYSIS = YES;
				CLANG_WARN_STRICT_PROTOTYPES = YES;
				CLANG_WARN_SUSPICIOUS_MOVE = YES;
				CLANG_WARN_UNGUARDED_AVAILABILITY = YES_AGGRESSIVE;
				CLANG_WARN_UNREACHABLE_CODE = YES;
				CLANG_WARN__DUPLICATE_METHOD_MATCH = YES;
				CODE_SIGN_IDENTITY = "iPhone Developer";
				CODE_SIGN_STYLE = Automatic;
				COPY_PHASE_STRIP = NO;
				CURRENT_PROJECT_VERSION = 1;
				DEFINES_MODULE = YES;
				DEVELOPMENT_TEAM = HFXFKGB6U5;
				DYLIB_COMPATIBILITY_VERSION = 1;
				DYLIB_CURRENT_VERSION = 1;
				DYLIB_INSTALL_NAME_BASE = "@rpath";
				ENABLE_NS_ASSERTIONS = NO;
				ENABLE_STRICT_OBJC_MSGSEND = YES;
				GCC_C_LANGUAGE_STANDARD = gnu11;
				GCC_NO_COMMON_BLOCKS = YES;
				GCC_WARN_64_TO_32_BIT_CONVERSION = YES;
				GCC_WARN_ABOUT_RETURN_TYPE = YES_ERROR;
				GCC_WARN_UNDECLARED_SELECTOR = YES;
				GCC_WARN_UNINITIALIZED_AUTOS = YES_AGGRESSIVE;
				GCC_WARN_UNUSED_FUNCTION = YES;
				GCC_WARN_UNUSED_VARIABLE = YES;
				INFOPLIST_FILE = "Result-watchOS/Info.plist";
				INSTALL_PATH = "$(LOCAL_LIBRARY_DIR)/Frameworks";
				IPHONEOS_DEPLOYMENT_TARGET = 11.2;
				LD_RUNPATH_SEARCH_PATHS = "$(inherited) @executable_path/Frameworks @loader_path/Frameworks";
				MTL_ENABLE_DEBUG_INFO = NO;
				PRODUCT_BUNDLE_IDENTIFIER = "io.thecb4.Result-watchOS";
				PRODUCT_MODULE_NAME = "$(PROJECT_NAME:c99extidentifier)";
				PRODUCT_NAME = "$(PROJECT_NAME:c99extidentifier)";
				SDKROOT = iphoneos;
				SKIP_INSTALL = YES;
				SWIFT_VERSION = 4.0;
				TARGETED_DEVICE_FAMILY = "1,2";
				VALIDATE_PRODUCT = YES;
				VERSIONING_SYSTEM = "apple-generic";
				VERSION_INFO_PREFIX = "";
			};
			name = Release;
		};
		E90DD1332042E633003A4A04 /* Debug */ = {
			isa = XCBuildConfiguration;
			buildSettings = {
				ALWAYS_EMBED_SWIFT_STANDARD_LIBRARIES = YES;
				ALWAYS_SEARCH_USER_PATHS = NO;
				CLANG_ANALYZER_NONNULL = YES;
				CLANG_ANALYZER_NUMBER_OBJECT_CONVERSION = YES_AGGRESSIVE;
				CLANG_CXX_LANGUAGE_STANDARD = "gnu++14";
				CLANG_CXX_LIBRARY = "libc++";
				CLANG_ENABLE_MODULES = YES;
				CLANG_WARN_BLOCK_CAPTURE_AUTORELEASING = YES;
				CLANG_WARN_BOOL_CONVERSION = YES;
				CLANG_WARN_COMMA = YES;
				CLANG_WARN_CONSTANT_CONVERSION = YES;
				CLANG_WARN_DIRECT_OBJC_ISA_USAGE = YES_ERROR;
				CLANG_WARN_DOCUMENTATION_COMMENTS = YES;
				CLANG_WARN_EMPTY_BODY = YES;
				CLANG_WARN_ENUM_CONVERSION = YES;
				CLANG_WARN_INFINITE_RECURSION = YES;
				CLANG_WARN_INT_CONVERSION = YES;
				CLANG_WARN_NON_LITERAL_NULL_CONVERSION = YES;
				CLANG_WARN_OBJC_LITERAL_CONVERSION = YES;
				CLANG_WARN_OBJC_ROOT_CLASS = YES_ERROR;
				CLANG_WARN_RANGE_LOOP_ANALYSIS = YES;
				CLANG_WARN_STRICT_PROTOTYPES = YES;
				CLANG_WARN_SUSPICIOUS_MOVE = YES;
				CLANG_WARN_UNGUARDED_AVAILABILITY = YES_AGGRESSIVE;
				CLANG_WARN_UNREACHABLE_CODE = YES;
				CLANG_WARN__DUPLICATE_METHOD_MATCH = YES;
				CODE_SIGN_IDENTITY = "iPhone Developer";
				CODE_SIGN_STYLE = Automatic;
				DEVELOPMENT_TEAM = HFXFKGB6U5;
				ENABLE_STRICT_OBJC_MSGSEND = YES;
				ENABLE_TESTABILITY = YES;
				GCC_C_LANGUAGE_STANDARD = gnu11;
				GCC_DYNAMIC_NO_PIC = NO;
				GCC_NO_COMMON_BLOCKS = YES;
				GCC_PREPROCESSOR_DEFINITIONS = (
					"DEBUG=1",
					"$(inherited)",
				);
				GCC_WARN_64_TO_32_BIT_CONVERSION = YES;
				GCC_WARN_ABOUT_RETURN_TYPE = YES_ERROR;
				GCC_WARN_UNDECLARED_SELECTOR = YES;
				GCC_WARN_UNINITIALIZED_AUTOS = YES_AGGRESSIVE;
				GCC_WARN_UNUSED_FUNCTION = YES;
				GCC_WARN_UNUSED_VARIABLE = YES;
				INFOPLIST_FILE = "Result-watchOSTests/Info.plist";
				IPHONEOS_DEPLOYMENT_TARGET = 11.2;
				LD_RUNPATH_SEARCH_PATHS = "$(inherited) @executable_path/Frameworks @loader_path/Frameworks";
				MTL_ENABLE_DEBUG_INFO = YES;
				PRODUCT_BUNDLE_IDENTIFIER = "io.thecb4.Result-watchOSTests";
				PRODUCT_NAME = "$(TARGET_NAME)";
				SDKROOT = iphoneos;
				SWIFT_ACTIVE_COMPILATION_CONDITIONS = DEBUG;
				SWIFT_VERSION = 4.0;
				TARGETED_DEVICE_FAMILY = "1,2";
			};
			name = Debug;
		};
		E90DD1342042E633003A4A04 /* Release */ = {
			isa = XCBuildConfiguration;
			buildSettings = {
				ALWAYS_EMBED_SWIFT_STANDARD_LIBRARIES = YES;
				ALWAYS_SEARCH_USER_PATHS = NO;
				CLANG_ANALYZER_NONNULL = YES;
				CLANG_ANALYZER_NUMBER_OBJECT_CONVERSION = YES_AGGRESSIVE;
				CLANG_CXX_LANGUAGE_STANDARD = "gnu++14";
				CLANG_CXX_LIBRARY = "libc++";
				CLANG_ENABLE_MODULES = YES;
				CLANG_WARN_BLOCK_CAPTURE_AUTORELEASING = YES;
				CLANG_WARN_BOOL_CONVERSION = YES;
				CLANG_WARN_COMMA = YES;
				CLANG_WARN_CONSTANT_CONVERSION = YES;
				CLANG_WARN_DIRECT_OBJC_ISA_USAGE = YES_ERROR;
				CLANG_WARN_DOCUMENTATION_COMMENTS = YES;
				CLANG_WARN_EMPTY_BODY = YES;
				CLANG_WARN_ENUM_CONVERSION = YES;
				CLANG_WARN_INFINITE_RECURSION = YES;
				CLANG_WARN_INT_CONVERSION = YES;
				CLANG_WARN_NON_LITERAL_NULL_CONVERSION = YES;
				CLANG_WARN_OBJC_LITERAL_CONVERSION = YES;
				CLANG_WARN_OBJC_ROOT_CLASS = YES_ERROR;
				CLANG_WARN_RANGE_LOOP_ANALYSIS = YES;
				CLANG_WARN_STRICT_PROTOTYPES = YES;
				CLANG_WARN_SUSPICIOUS_MOVE = YES;
				CLANG_WARN_UNGUARDED_AVAILABILITY = YES_AGGRESSIVE;
				CLANG_WARN_UNREACHABLE_CODE = YES;
				CLANG_WARN__DUPLICATE_METHOD_MATCH = YES;
				CODE_SIGN_IDENTITY = "iPhone Developer";
				CODE_SIGN_STYLE = Automatic;
				COPY_PHASE_STRIP = NO;
				DEVELOPMENT_TEAM = HFXFKGB6U5;
				ENABLE_NS_ASSERTIONS = NO;
				ENABLE_STRICT_OBJC_MSGSEND = YES;
				GCC_C_LANGUAGE_STANDARD = gnu11;
				GCC_NO_COMMON_BLOCKS = YES;
				GCC_WARN_64_TO_32_BIT_CONVERSION = YES;
				GCC_WARN_ABOUT_RETURN_TYPE = YES_ERROR;
				GCC_WARN_UNDECLARED_SELECTOR = YES;
				GCC_WARN_UNINITIALIZED_AUTOS = YES_AGGRESSIVE;
				GCC_WARN_UNUSED_FUNCTION = YES;
				GCC_WARN_UNUSED_VARIABLE = YES;
				INFOPLIST_FILE = "Result-watchOSTests/Info.plist";
				IPHONEOS_DEPLOYMENT_TARGET = 11.2;
				LD_RUNPATH_SEARCH_PATHS = "$(inherited) @executable_path/Frameworks @loader_path/Frameworks";
				MTL_ENABLE_DEBUG_INFO = NO;
				PRODUCT_BUNDLE_IDENTIFIER = "io.thecb4.Result-watchOSTests";
				PRODUCT_NAME = "$(TARGET_NAME)";
				SDKROOT = iphoneos;
				SWIFT_VERSION = 4.0;
				TARGETED_DEVICE_FAMILY = "1,2";
				VALIDATE_PRODUCT = YES;
			};
			name = Release;
		};
		E90DD1562042E666003A4A04 /* Debug */ = {
			isa = XCBuildConfiguration;
			buildSettings = {
				ALWAYS_SEARCH_USER_PATHS = NO;
				CLANG_ANALYZER_NONNULL = YES;
				CLANG_ANALYZER_NUMBER_OBJECT_CONVERSION = YES_AGGRESSIVE;
				CLANG_CXX_LANGUAGE_STANDARD = "gnu++14";
				CLANG_CXX_LIBRARY = "libc++";
				CLANG_ENABLE_MODULES = YES;
				CLANG_WARN_BLOCK_CAPTURE_AUTORELEASING = YES;
				CLANG_WARN_BOOL_CONVERSION = YES;
				CLANG_WARN_COMMA = YES;
				CLANG_WARN_CONSTANT_CONVERSION = YES;
				CLANG_WARN_DIRECT_OBJC_ISA_USAGE = YES_ERROR;
				CLANG_WARN_DOCUMENTATION_COMMENTS = YES;
				CLANG_WARN_EMPTY_BODY = YES;
				CLANG_WARN_ENUM_CONVERSION = YES;
				CLANG_WARN_INFINITE_RECURSION = YES;
				CLANG_WARN_INT_CONVERSION = YES;
				CLANG_WARN_NON_LITERAL_NULL_CONVERSION = YES;
				CLANG_WARN_OBJC_LITERAL_CONVERSION = YES;
				CLANG_WARN_OBJC_ROOT_CLASS = YES_ERROR;
				CLANG_WARN_RANGE_LOOP_ANALYSIS = YES;
				CLANG_WARN_STRICT_PROTOTYPES = YES;
				CLANG_WARN_SUSPICIOUS_MOVE = YES;
				CLANG_WARN_UNGUARDED_AVAILABILITY = YES_AGGRESSIVE;
				CLANG_WARN_UNREACHABLE_CODE = YES;
				CLANG_WARN__DUPLICATE_METHOD_MATCH = YES;
				CODE_SIGN_IDENTITY = "iPhone Developer";
				CODE_SIGN_STYLE = Automatic;
				CURRENT_PROJECT_VERSION = 1;
				DEFINES_MODULE = YES;
				DEVELOPMENT_TEAM = HFXFKGB6U5;
				DYLIB_COMPATIBILITY_VERSION = 1;
				DYLIB_CURRENT_VERSION = 1;
				DYLIB_INSTALL_NAME_BASE = "@rpath";
				ENABLE_STRICT_OBJC_MSGSEND = YES;
				ENABLE_TESTABILITY = YES;
				GCC_C_LANGUAGE_STANDARD = gnu11;
				GCC_DYNAMIC_NO_PIC = NO;
				GCC_NO_COMMON_BLOCKS = YES;
				GCC_PREPROCESSOR_DEFINITIONS = (
					"DEBUG=1",
					"$(inherited)",
				);
				GCC_WARN_64_TO_32_BIT_CONVERSION = YES;
				GCC_WARN_ABOUT_RETURN_TYPE = YES_ERROR;
				GCC_WARN_UNDECLARED_SELECTOR = YES;
				GCC_WARN_UNINITIALIZED_AUTOS = YES_AGGRESSIVE;
				GCC_WARN_UNUSED_FUNCTION = YES;
				GCC_WARN_UNUSED_VARIABLE = YES;
				INFOPLIST_FILE = "Result-tvOS/Info.plist";
				INSTALL_PATH = "$(LOCAL_LIBRARY_DIR)/Frameworks";
				IPHONEOS_DEPLOYMENT_TARGET = 11.2;
				LD_RUNPATH_SEARCH_PATHS = "$(inherited) @executable_path/Frameworks @loader_path/Frameworks";
				MTL_ENABLE_DEBUG_INFO = YES;
				PRODUCT_BUNDLE_IDENTIFIER = "io.thecb4.Result-tvOS";
				PRODUCT_MODULE_NAME = "$(PROJECT_NAME:c99extidentifier)";
				PRODUCT_NAME = "$(PROJECT_NAME:c99extidentifier)";
				SDKROOT = iphoneos;
				SKIP_INSTALL = YES;
				SWIFT_ACTIVE_COMPILATION_CONDITIONS = DEBUG;
				SWIFT_VERSION = 4.0;
				TARGETED_DEVICE_FAMILY = "1,2";
				VERSIONING_SYSTEM = "apple-generic";
				VERSION_INFO_PREFIX = "";
			};
			name = Debug;
		};
		E90DD1572042E666003A4A04 /* Release */ = {
			isa = XCBuildConfiguration;
			buildSettings = {
				ALWAYS_SEARCH_USER_PATHS = NO;
				CLANG_ANALYZER_NONNULL = YES;
				CLANG_ANALYZER_NUMBER_OBJECT_CONVERSION = YES_AGGRESSIVE;
				CLANG_CXX_LANGUAGE_STANDARD = "gnu++14";
				CLANG_CXX_LIBRARY = "libc++";
				CLANG_ENABLE_MODULES = YES;
				CLANG_WARN_BLOCK_CAPTURE_AUTORELEASING = YES;
				CLANG_WARN_BOOL_CONVERSION = YES;
				CLANG_WARN_COMMA = YES;
				CLANG_WARN_CONSTANT_CONVERSION = YES;
				CLANG_WARN_DIRECT_OBJC_ISA_USAGE = YES_ERROR;
				CLANG_WARN_DOCUMENTATION_COMMENTS = YES;
				CLANG_WARN_EMPTY_BODY = YES;
				CLANG_WARN_ENUM_CONVERSION = YES;
				CLANG_WARN_INFINITE_RECURSION = YES;
				CLANG_WARN_INT_CONVERSION = YES;
				CLANG_WARN_NON_LITERAL_NULL_CONVERSION = YES;
				CLANG_WARN_OBJC_LITERAL_CONVERSION = YES;
				CLANG_WARN_OBJC_ROOT_CLASS = YES_ERROR;
				CLANG_WARN_RANGE_LOOP_ANALYSIS = YES;
				CLANG_WARN_STRICT_PROTOTYPES = YES;
				CLANG_WARN_SUSPICIOUS_MOVE = YES;
				CLANG_WARN_UNGUARDED_AVAILABILITY = YES_AGGRESSIVE;
				CLANG_WARN_UNREACHABLE_CODE = YES;
				CLANG_WARN__DUPLICATE_METHOD_MATCH = YES;
				CODE_SIGN_IDENTITY = "iPhone Developer";
				CODE_SIGN_STYLE = Automatic;
				COPY_PHASE_STRIP = NO;
				CURRENT_PROJECT_VERSION = 1;
				DEFINES_MODULE = YES;
				DEVELOPMENT_TEAM = HFXFKGB6U5;
				DYLIB_COMPATIBILITY_VERSION = 1;
				DYLIB_CURRENT_VERSION = 1;
				DYLIB_INSTALL_NAME_BASE = "@rpath";
				ENABLE_NS_ASSERTIONS = NO;
				ENABLE_STRICT_OBJC_MSGSEND = YES;
				GCC_C_LANGUAGE_STANDARD = gnu11;
				GCC_NO_COMMON_BLOCKS = YES;
				GCC_WARN_64_TO_32_BIT_CONVERSION = YES;
				GCC_WARN_ABOUT_RETURN_TYPE = YES_ERROR;
				GCC_WARN_UNDECLARED_SELECTOR = YES;
				GCC_WARN_UNINITIALIZED_AUTOS = YES_AGGRESSIVE;
				GCC_WARN_UNUSED_FUNCTION = YES;
				GCC_WARN_UNUSED_VARIABLE = YES;
				INFOPLIST_FILE = "Result-tvOS/Info.plist";
				INSTALL_PATH = "$(LOCAL_LIBRARY_DIR)/Frameworks";
				IPHONEOS_DEPLOYMENT_TARGET = 11.2;
				LD_RUNPATH_SEARCH_PATHS = "$(inherited) @executable_path/Frameworks @loader_path/Frameworks";
				MTL_ENABLE_DEBUG_INFO = NO;
				PRODUCT_BUNDLE_IDENTIFIER = "io.thecb4.Result-tvOS";
				PRODUCT_MODULE_NAME = "$(PROJECT_NAME:c99extidentifier)";
				PRODUCT_NAME = "$(PROJECT_NAME:c99extidentifier)";
				SDKROOT = iphoneos;
				SKIP_INSTALL = YES;
				SWIFT_VERSION = 4.0;
				TARGETED_DEVICE_FAMILY = "1,2";
				VALIDATE_PRODUCT = YES;
				VERSIONING_SYSTEM = "apple-generic";
				VERSION_INFO_PREFIX = "";
			};
			name = Release;
		};
		E90DD1592042E666003A4A04 /* Debug */ = {
			isa = XCBuildConfiguration;
			buildSettings = {
				ALWAYS_EMBED_SWIFT_STANDARD_LIBRARIES = YES;
				ALWAYS_SEARCH_USER_PATHS = NO;
				CLANG_ANALYZER_NONNULL = YES;
				CLANG_ANALYZER_NUMBER_OBJECT_CONVERSION = YES_AGGRESSIVE;
				CLANG_CXX_LANGUAGE_STANDARD = "gnu++14";
				CLANG_CXX_LIBRARY = "libc++";
				CLANG_ENABLE_MODULES = YES;
				CLANG_WARN_BLOCK_CAPTURE_AUTORELEASING = YES;
				CLANG_WARN_BOOL_CONVERSION = YES;
				CLANG_WARN_COMMA = YES;
				CLANG_WARN_CONSTANT_CONVERSION = YES;
				CLANG_WARN_DIRECT_OBJC_ISA_USAGE = YES_ERROR;
				CLANG_WARN_DOCUMENTATION_COMMENTS = YES;
				CLANG_WARN_EMPTY_BODY = YES;
				CLANG_WARN_ENUM_CONVERSION = YES;
				CLANG_WARN_INFINITE_RECURSION = YES;
				CLANG_WARN_INT_CONVERSION = YES;
				CLANG_WARN_NON_LITERAL_NULL_CONVERSION = YES;
				CLANG_WARN_OBJC_LITERAL_CONVERSION = YES;
				CLANG_WARN_OBJC_ROOT_CLASS = YES_ERROR;
				CLANG_WARN_RANGE_LOOP_ANALYSIS = YES;
				CLANG_WARN_STRICT_PROTOTYPES = YES;
				CLANG_WARN_SUSPICIOUS_MOVE = YES;
				CLANG_WARN_UNGUARDED_AVAILABILITY = YES_AGGRESSIVE;
				CLANG_WARN_UNREACHABLE_CODE = YES;
				CLANG_WARN__DUPLICATE_METHOD_MATCH = YES;
				CODE_SIGN_IDENTITY = "iPhone Developer";
				CODE_SIGN_STYLE = Automatic;
				DEVELOPMENT_TEAM = HFXFKGB6U5;
				ENABLE_STRICT_OBJC_MSGSEND = YES;
				ENABLE_TESTABILITY = YES;
				GCC_C_LANGUAGE_STANDARD = gnu11;
				GCC_DYNAMIC_NO_PIC = NO;
				GCC_NO_COMMON_BLOCKS = YES;
				GCC_PREPROCESSOR_DEFINITIONS = (
					"DEBUG=1",
					"$(inherited)",
				);
				GCC_WARN_64_TO_32_BIT_CONVERSION = YES;
				GCC_WARN_ABOUT_RETURN_TYPE = YES_ERROR;
				GCC_WARN_UNDECLARED_SELECTOR = YES;
				GCC_WARN_UNINITIALIZED_AUTOS = YES_AGGRESSIVE;
				GCC_WARN_UNUSED_FUNCTION = YES;
				GCC_WARN_UNUSED_VARIABLE = YES;
				INFOPLIST_FILE = "Result-tvOSTests/Info.plist";
				IPHONEOS_DEPLOYMENT_TARGET = 11.2;
				LD_RUNPATH_SEARCH_PATHS = "$(inherited) @executable_path/Frameworks @loader_path/Frameworks";
				MTL_ENABLE_DEBUG_INFO = YES;
				PRODUCT_BUNDLE_IDENTIFIER = "io.thecb4.Result-tvOSTests";
				PRODUCT_NAME = "$(TARGET_NAME)";
				SDKROOT = iphoneos;
				SWIFT_ACTIVE_COMPILATION_CONDITIONS = DEBUG;
				SWIFT_VERSION = 4.0;
				TARGETED_DEVICE_FAMILY = "1,2";
			};
			name = Debug;
		};
		E90DD15A2042E666003A4A04 /* Release */ = {
			isa = XCBuildConfiguration;
			buildSettings = {
				ALWAYS_EMBED_SWIFT_STANDARD_LIBRARIES = YES;
				ALWAYS_SEARCH_USER_PATHS = NO;
				CLANG_ANALYZER_NONNULL = YES;
				CLANG_ANALYZER_NUMBER_OBJECT_CONVERSION = YES_AGGRESSIVE;
				CLANG_CXX_LANGUAGE_STANDARD = "gnu++14";
				CLANG_CXX_LIBRARY = "libc++";
				CLANG_ENABLE_MODULES = YES;
				CLANG_WARN_BLOCK_CAPTURE_AUTORELEASING = YES;
				CLANG_WARN_BOOL_CONVERSION = YES;
				CLANG_WARN_COMMA = YES;
				CLANG_WARN_CONSTANT_CONVERSION = YES;
				CLANG_WARN_DIRECT_OBJC_ISA_USAGE = YES_ERROR;
				CLANG_WARN_DOCUMENTATION_COMMENTS = YES;
				CLANG_WARN_EMPTY_BODY = YES;
				CLANG_WARN_ENUM_CONVERSION = YES;
				CLANG_WARN_INFINITE_RECURSION = YES;
				CLANG_WARN_INT_CONVERSION = YES;
				CLANG_WARN_NON_LITERAL_NULL_CONVERSION = YES;
				CLANG_WARN_OBJC_LITERAL_CONVERSION = YES;
				CLANG_WARN_OBJC_ROOT_CLASS = YES_ERROR;
				CLANG_WARN_RANGE_LOOP_ANALYSIS = YES;
				CLANG_WARN_STRICT_PROTOTYPES = YES;
				CLANG_WARN_SUSPICIOUS_MOVE = YES;
				CLANG_WARN_UNGUARDED_AVAILABILITY = YES_AGGRESSIVE;
				CLANG_WARN_UNREACHABLE_CODE = YES;
				CLANG_WARN__DUPLICATE_METHOD_MATCH = YES;
				CODE_SIGN_IDENTITY = "iPhone Developer";
				CODE_SIGN_STYLE = Automatic;
				COPY_PHASE_STRIP = NO;
				DEVELOPMENT_TEAM = HFXFKGB6U5;
				ENABLE_NS_ASSERTIONS = NO;
				ENABLE_STRICT_OBJC_MSGSEND = YES;
				GCC_C_LANGUAGE_STANDARD = gnu11;
				GCC_NO_COMMON_BLOCKS = YES;
				GCC_WARN_64_TO_32_BIT_CONVERSION = YES;
				GCC_WARN_ABOUT_RETURN_TYPE = YES_ERROR;
				GCC_WARN_UNDECLARED_SELECTOR = YES;
				GCC_WARN_UNINITIALIZED_AUTOS = YES_AGGRESSIVE;
				GCC_WARN_UNUSED_FUNCTION = YES;
				GCC_WARN_UNUSED_VARIABLE = YES;
				INFOPLIST_FILE = "Result-tvOSTests/Info.plist";
				IPHONEOS_DEPLOYMENT_TARGET = 11.2;
				LD_RUNPATH_SEARCH_PATHS = "$(inherited) @executable_path/Frameworks @loader_path/Frameworks";
				MTL_ENABLE_DEBUG_INFO = NO;
				PRODUCT_BUNDLE_IDENTIFIER = "io.thecb4.Result-tvOSTests";
				PRODUCT_NAME = "$(TARGET_NAME)";
				SDKROOT = iphoneos;
				SWIFT_VERSION = 4.0;
				TARGETED_DEVICE_FAMILY = "1,2";
				VALIDATE_PRODUCT = YES;
			};
			name = Release;
		};
		OBJ_18 /* Debug */ = {
			isa = XCBuildConfiguration;
			buildSettings = {
				LD = /usr/bin/true;
				OTHER_SWIFT_FLAGS = "-swift-version 4 -I /Applications/Xcode.app/Contents/Developer/Toolchains/XcodeDefault.xctoolchain/usr/lib/swift/pm/4 -target x86_64-apple-macosx10.10 -sdk /Applications/Xcode.app/Contents/Developer/Platforms/MacOSX.platform/Developer/SDKs/MacOSX10.13.sdk";
				SWIFT_VERSION = 4.0;
			};
			name = Debug;
		};
		OBJ_19 /* Release */ = {
			isa = XCBuildConfiguration;
			buildSettings = {
				LD = /usr/bin/true;
				OTHER_SWIFT_FLAGS = "-swift-version 4 -I /Applications/Xcode.app/Contents/Developer/Toolchains/XcodeDefault.xctoolchain/usr/lib/swift/pm/4 -target x86_64-apple-macosx10.10 -sdk /Applications/Xcode.app/Contents/Developer/Platforms/MacOSX.platform/Developer/SDKs/MacOSX10.13.sdk";
				SWIFT_VERSION = 4.0;
			};
			name = Release;
		};
		OBJ_24 /* Debug */ = {
			isa = XCBuildConfiguration;
			buildSettings = {
				EMBEDDED_CONTENT_CONTAINS_SWIFT = YES;
				FRAMEWORK_SEARCH_PATHS = (
					"$(inherited)",
					"$(PLATFORM_DIR)/Developer/Library/Frameworks",
				);
				HEADER_SEARCH_PATHS = "$(inherited)";
				INFOPLIST_FILE = Result.xcodeproj/ResultTests_Info.plist;
				LD_RUNPATH_SEARCH_PATHS = "@loader_path/../Frameworks @loader_path/Frameworks";
				OTHER_LDFLAGS = "$(inherited)";
				OTHER_SWIFT_FLAGS = "$(inherited)";
				SWIFT_VERSION = 4.0;
				TARGET_NAME = ResultTests;
			};
			name = Debug;
		};
		OBJ_25 /* Release */ = {
			isa = XCBuildConfiguration;
			buildSettings = {
				EMBEDDED_CONTENT_CONTAINS_SWIFT = YES;
				FRAMEWORK_SEARCH_PATHS = (
					"$(inherited)",
					"$(PLATFORM_DIR)/Developer/Library/Frameworks",
				);
				HEADER_SEARCH_PATHS = "$(inherited)";
				INFOPLIST_FILE = Result.xcodeproj/ResultTests_Info.plist;
				LD_RUNPATH_SEARCH_PATHS = "@loader_path/../Frameworks @loader_path/Frameworks";
				OTHER_LDFLAGS = "$(inherited)";
				OTHER_SWIFT_FLAGS = "$(inherited)";
				SWIFT_VERSION = 4.0;
				TARGET_NAME = ResultTests;
			};
			name = Release;
		};
		OBJ_3 /* Debug */ = {
			isa = XCBuildConfiguration;
			buildSettings = {
				CLANG_ENABLE_OBJC_ARC = YES;
				COMBINE_HIDPI_IMAGES = YES;
				COPY_PHASE_STRIP = NO;
				DEBUG_INFORMATION_FORMAT = dwarf;
				DYLIB_INSTALL_NAME_BASE = "@rpath";
				ENABLE_NS_ASSERTIONS = YES;
				GCC_OPTIMIZATION_LEVEL = 0;
				MACOSX_DEPLOYMENT_TARGET = 10.10;
				ONLY_ACTIVE_ARCH = YES;
				OTHER_SWIFT_FLAGS = "-DXcode";
				PRODUCT_NAME = "$(TARGET_NAME)";
				SDKROOT = macosx;
				SUPPORTED_PLATFORMS = "macosx iphoneos iphonesimulator appletvos appletvsimulator watchos watchsimulator";
				SWIFT_ACTIVE_COMPILATION_CONDITIONS = SWIFT_PACKAGE;
				SWIFT_OPTIMIZATION_LEVEL = "-Onone";
				USE_HEADERMAP = NO;
			};
			name = Debug;
		};
		OBJ_33 /* Debug */ = {
			isa = XCBuildConfiguration;
			buildSettings = {
				ENABLE_TESTABILITY = YES;
				FRAMEWORK_SEARCH_PATHS = (
					"$(inherited)",
					"$(PLATFORM_DIR)/Developer/Library/Frameworks",
				);
				HEADER_SEARCH_PATHS = "$(inherited)";
				INFOPLIST_FILE = Result.xcodeproj/Result_Info.plist;
				LD_RUNPATH_SEARCH_PATHS = "$(TOOLCHAIN_DIR)/usr/lib/swift/macosx";
				OTHER_LDFLAGS = "$(inherited)";
				OTHER_SWIFT_FLAGS = "$(inherited)";
				PRODUCT_BUNDLE_IDENTIFIER = Result;
				PRODUCT_MODULE_NAME = "$(TARGET_NAME:c99extidentifier)";
				PRODUCT_NAME = "$(TARGET_NAME:c99extidentifier)";
				SKIP_INSTALL = YES;
				SWIFT_VERSION = 4.0;
				TARGET_NAME = Result;
			};
			name = Debug;
		};
		OBJ_34 /* Release */ = {
			isa = XCBuildConfiguration;
			buildSettings = {
				ENABLE_TESTABILITY = YES;
				FRAMEWORK_SEARCH_PATHS = (
					"$(inherited)",
					"$(PLATFORM_DIR)/Developer/Library/Frameworks",
				);
				HEADER_SEARCH_PATHS = "$(inherited)";
				INFOPLIST_FILE = Result.xcodeproj/Result_Info.plist;
				LD_RUNPATH_SEARCH_PATHS = "$(TOOLCHAIN_DIR)/usr/lib/swift/macosx";
				OTHER_LDFLAGS = "$(inherited)";
				OTHER_SWIFT_FLAGS = "$(inherited)";
				PRODUCT_BUNDLE_IDENTIFIER = Result;
				PRODUCT_MODULE_NAME = "$(TARGET_NAME:c99extidentifier)";
				PRODUCT_NAME = "$(TARGET_NAME:c99extidentifier)";
				SKIP_INSTALL = YES;
				SWIFT_VERSION = 4.0;
				TARGET_NAME = Result;
			};
			name = Release;
		};
		OBJ_4 /* Release */ = {
			isa = XCBuildConfiguration;
			buildSettings = {
				CLANG_ENABLE_OBJC_ARC = YES;
				COMBINE_HIDPI_IMAGES = YES;
				COPY_PHASE_STRIP = YES;
				DEBUG_INFORMATION_FORMAT = "dwarf-with-dsym";
				DYLIB_INSTALL_NAME_BASE = "@rpath";
				GCC_OPTIMIZATION_LEVEL = s;
				MACOSX_DEPLOYMENT_TARGET = 10.10;
				OTHER_SWIFT_FLAGS = "-DXcode";
				PRODUCT_NAME = "$(TARGET_NAME)";
				SDKROOT = macosx;
				SUPPORTED_PLATFORMS = "macosx iphoneos iphonesimulator appletvos appletvsimulator watchos watchsimulator";
				SWIFT_ACTIVE_COMPILATION_CONDITIONS = SWIFT_PACKAGE;
				SWIFT_OPTIMIZATION_LEVEL = "-Owholemodule";
				USE_HEADERMAP = NO;
			};
			name = Release;
		};
		OBJ_40 /* Debug */ = {
			isa = XCBuildConfiguration;
			buildSettings = {
			};
			name = Debug;
		};
		OBJ_41 /* Release */ = {
			isa = XCBuildConfiguration;
			buildSettings = {
			};
			name = Release;
		};
/* End XCBuildConfiguration section */

/* Begin XCConfigurationList section */
		E90DD1132042E52A003A4A04 /* Build configuration list for PBXNativeTarget "Result-phoneOS" */ = {
			isa = XCConfigurationList;
			buildConfigurations = (
				E90DD1142042E52A003A4A04 /* Debug */,
				E90DD1152042E52A003A4A04 /* Release */,
			);
			defaultConfigurationIsVisible = 0;
			defaultConfigurationName = Debug;
		};
		E90DD1162042E52A003A4A04 /* Build configuration list for PBXNativeTarget "Result-phoneOSTests" */ = {
			isa = XCConfigurationList;
			buildConfigurations = (
				E90DD1172042E52A003A4A04 /* Debug */,
				E90DD1182042E52A003A4A04 /* Release */,
			);
			defaultConfigurationIsVisible = 0;
			defaultConfigurationName = Debug;
		};
		E90DD12F2042E633003A4A04 /* Build configuration list for PBXNativeTarget "Result-watchOS" */ = {
			isa = XCConfigurationList;
			buildConfigurations = (
				E90DD1302042E633003A4A04 /* Debug */,
				E90DD1312042E633003A4A04 /* Release */,
			);
			defaultConfigurationIsVisible = 0;
			defaultConfigurationName = Debug;
		};
		E90DD1322042E633003A4A04 /* Build configuration list for PBXNativeTarget "Result-watchOSTests" */ = {
			isa = XCConfigurationList;
			buildConfigurations = (
				E90DD1332042E633003A4A04 /* Debug */,
				E90DD1342042E633003A4A04 /* Release */,
			);
			defaultConfigurationIsVisible = 0;
			defaultConfigurationName = Debug;
		};
		E90DD1552042E666003A4A04 /* Build configuration list for PBXNativeTarget "Result-tvOS" */ = {
			isa = XCConfigurationList;
			buildConfigurations = (
				E90DD1562042E666003A4A04 /* Debug */,
				E90DD1572042E666003A4A04 /* Release */,
			);
			defaultConfigurationIsVisible = 0;
			defaultConfigurationName = Debug;
		};
		E90DD1582042E666003A4A04 /* Build configuration list for PBXNativeTarget "Result-tvOSTests" */ = {
			isa = XCConfigurationList;
			buildConfigurations = (
				E90DD1592042E666003A4A04 /* Debug */,
				E90DD15A2042E666003A4A04 /* Release */,
			);
			defaultConfigurationIsVisible = 0;
			defaultConfigurationName = Debug;
		};
		OBJ_17 /* Build configuration list for PBXNativeTarget "ResultPackageDescription" */ = {
			isa = XCConfigurationList;
			buildConfigurations = (
				OBJ_18 /* Debug */,
				OBJ_19 /* Release */,
			);
			defaultConfigurationIsVisible = 0;
			defaultConfigurationName = Debug;
		};
		OBJ_2 /* Build configuration list for PBXProject "Result" */ = {
			isa = XCConfigurationList;
			buildConfigurations = (
				OBJ_3 /* Debug */,
				OBJ_4 /* Release */,
			);
			defaultConfigurationIsVisible = 0;
			defaultConfigurationName = Debug;
		};
		OBJ_23 /* Build configuration list for PBXNativeTarget "ResultTests" */ = {
			isa = XCConfigurationList;
			buildConfigurations = (
				OBJ_24 /* Debug */,
				OBJ_25 /* Release */,
			);
			defaultConfigurationIsVisible = 0;
			defaultConfigurationName = Debug;
		};
		OBJ_32 /* Build configuration list for PBXNativeTarget "Result" */ = {
			isa = XCConfigurationList;
			buildConfigurations = (
				OBJ_33 /* Debug */,
				OBJ_34 /* Release */,
			);
			defaultConfigurationIsVisible = 0;
			defaultConfigurationName = Debug;
		};
		OBJ_39 /* Build configuration list for PBXAggregateTarget "ResultPackageTests" */ = {
			isa = XCConfigurationList;
			buildConfigurations = (
				OBJ_40 /* Debug */,
				OBJ_41 /* Release */,
			);
			defaultConfigurationIsVisible = 0;
			defaultConfigurationName = Debug;
		};
/* End XCConfigurationList section */
	};
	rootObject = OBJ_1 /* Project object */;
}
